<?xml version="1.0" encoding="utf-8"?>
<Project ToolsVersion="4.0" xmlns="http://schemas.microsoft.com/developer/msbuild/2003">
  <ItemGroup>
    <Filter Include="Source Files">
      <UniqueIdentifier>{4FC737F1-C7A5-4376-A066-2A32D752A2FF}</UniqueIdentifier>
      <Extensions>cpp;c;cc;cxx;def;odl;idl;hpj;bat;asm;asmx</Extensions>
    </Filter>
    <Filter Include="Resource Files">
      <UniqueIdentifier>{67DA6AB6-F800-4c08-8B7A-83BB121AAD01}</UniqueIdentifier>
      <Extensions>rc;ico;cur;bmp;dlg;rc2;rct;bin;rgs;gif;jpg;jpeg;jpe;resx;tiff;tif;png;wav;mfcribbon-ms</Extensions>
    </Filter>
    <Filter Include="HTML Help Files">
      <UniqueIdentifier>{31d4ee9a-f99e-4c28-85de-2986c8bb5f27}</UniqueIdentifier>
      <Extensions>hhp;hhc;hhk;gif;jpg</Extensions>
    </Filter>
    <Filter Include="HTML Help Topics">
      <UniqueIdentifier>{225b47ce-5218-4a4e-86dc-4476decf5208}</UniqueIdentifier>
      <Extensions>htm;html</Extensions>
    </Filter>
    <Filter Include="Source Files\RFC Forms">
      <UniqueIdentifier>{0f85af23-c959-45c5-94d0-d6422180890a}</UniqueIdentifier>
    </Filter>
    <Filter Include="Source Files\Main">
      <UniqueIdentifier>{2a0201bc-3c4c-48d6-988d-4aa1d0838064}</UniqueIdentifier>
    </Filter>
    <Filter Include="Source Files\RFC Forms\Custom">
      <UniqueIdentifier>{d49cbd5d-8775-4319-bcea-3dea51bab6d6}</UniqueIdentifier>
    </Filter>
    <Filter Include="Source Files\RFC Forms\Custom\NewProjectFrame">
      <UniqueIdentifier>{0e137629-eafd-462c-b378-118022b93f4d}</UniqueIdentifier>
    </Filter>
    <Filter Include="Source Files\Utils">
      <UniqueIdentifier>{d16c1776-072a-47c9-a107-6d04780b9f1c}</UniqueIdentifier>
    </Filter>
    <Filter Include="Source Files\Utils\PropertyGrid">
      <UniqueIdentifier>{f9c4bb16-3a1b-47ab-a052-97f062904ab7}</UniqueIdentifier>
    </Filter>
    <Filter Include="Source Files\Utils\ColorStatic">
      <UniqueIdentifier>{2f11b12b-e3da-44ab-9f09-f29d6d9403f0}</UniqueIdentifier>
    </Filter>
    <Filter Include="Source Files\Utils\XProgressCtrl">
      <UniqueIdentifier>{2485c3f2-9f8c-4ca5-9a29-922923933ebb}</UniqueIdentifier>
    </Filter>
    <Filter Include="Source Files\Main\UI">
      <UniqueIdentifier>{9b1b1163-d07c-4d66-a710-f9dbea909615}</UniqueIdentifier>
    </Filter>
    <Filter Include="Source Files\RFCResource">
      <UniqueIdentifier>{3c0a784b-e973-4490-b16d-421d4edeaaab}</UniqueIdentifier>
    </Filter>
    <Filter Include="Source Files\RFC Forms\Custom\CLIFrame">
      <UniqueIdentifier>{c8c0a54b-1765-400e-bd91-634e1a3e7ff0}</UniqueIdentifier>
    </Filter>
  </ItemGroup>
  <ItemGroup>
    <None Include="ReadMe.txt" />
    <None Include="res\file_view.ico">
      <Filter>Resource Files</Filter>
    </None>
    <None Include="res\file_view_hc.ico">
      <Filter>Resource Files</Filter>
    </None>
    <None Include="res\class_view.ico">
      <Filter>Resource Files</Filter>
    </None>
    <None Include="res\class_view_hc.ico">
      <Filter>Resource Files</Filter>
    </None>
    <None Include="res\fileview.bmp">
      <Filter>Resource Files</Filter>
    </None>
    <None Include="res\fileview_hc.bmp">
      <Filter>Resource Files</Filter>
    </None>
    <None Include="res\classview.bmp">
      <Filter>Resource Files</Filter>
    </None>
    <None Include="res\classview_hc.bmp">
      <Filter>Resource Files</Filter>
    </None>
    <None Include="res\explorer.bmp">
      <Filter>Resource Files</Filter>
    </None>
    <None Include="res\explorer_hc.bmp">
      <Filter>Resource Files</Filter>
    </None>
    <None Include="res\sort.bmp">
      <Filter>Resource Files</Filter>
    </None>
    <None Include="res\sort_hc.bmp">
      <Filter>Resource Files</Filter>
    </None>
    <None Include="res\menuimages.bmp">
      <Filter>Resource Files</Filter>
    </None>
    <None Include="res\menuimages_hc.bmp">
      <Filter>Resource Files</Filter>
    </None>
    <None Include="res\output_wnd.ico">
      <Filter>Resource Files</Filter>
    </None>
    <None Include="res\output_wnd_hc.ico">
      <Filter>Resource Files</Filter>
    </None>
    <None Include="res\properties_wnd.ico">
      <Filter>Resource Files</Filter>
    </None>
    <None Include="res\properties_wnd_hc.ico">
      <Filter>Resource Files</Filter>
    </None>
    <None Include="res\properties.bmp">
      <Filter>Resource Files</Filter>
    </None>
    <None Include="res\properties_hc.bmp">
      <Filter>Resource Files</Filter>
    </None>
    <None Include="res\info.bmp">
      <Filter>Resource Files</Filter>
    </None>
    <None Include="res\buttons.bmp">
      <Filter>Resource Files</Filter>
    </None>
    <None Include="res\filelarge.bmp">
      <Filter>Resource Files</Filter>
    </None>
    <None Include="res\filesmall.bmp">
      <Filter>Resource Files</Filter>
    </None>
    <None Include="res\main.bmp">
      <Filter>Resource Files</Filter>
    </None>
    <None Include="res\writelarge.bmp">
      <Filter>Resource Files</Filter>
    </None>
    <None Include="res\writesmall.bmp">
      <Filter>Resource Files</Filter>
    </None>
    <None Include="res\ribbon.mfcribbon-ms">
      <Filter>Resource Files</Filter>
    </None>
    <None Include="res\IntuitiveEditor.rc2">
      <Filter>Resource Files</Filter>
    </None>
    <None Include="res\IntuitiveEditorDoc.ico">
      <Filter>Resource Files</Filter>
    </None>
    <None Include="res\IntuitiveEditor.ico">
      <Filter>Resource Files</Filter>
    </None>
    <None Include="res\Toolbar.bmp">
      <Filter>Resource Files</Filter>
    </None>
    <None Include="res\Toolbar256.bmp">
      <Filter>Resource Files</Filter>
    </None>
    <None Include="hlp\IntuitiveEditor.hhk">
      <Filter>HTML Help Files</Filter>
    </None>
    <None Include="hlp\IntuitiveEditor.hhc">
      <Filter>HTML Help Files</Filter>
    </None>
    <None Include="hlp\afx_hidd_color.htm">
      <Filter>HTML Help Topics</Filter>
    </None>
    <None Include="hlp\afx_hidd_fileopen.htm">
      <Filter>HTML Help Topics</Filter>
    </None>
    <None Include="hlp\afx_hidd_filesave.htm">
      <Filter>HTML Help Topics</Filter>
    </None>
    <None Include="hlp\afx_hidd_find.htm">
      <Filter>HTML Help Topics</Filter>
    </None>
    <None Include="hlp\afx_hidd_font.htm">
      <Filter>HTML Help Topics</Filter>
    </None>
    <None Include="hlp\afx_hidd_newtypedlg.htm">
      <Filter>HTML Help Topics</Filter>
    </None>
    <None Include="hlp\afx_hidd_replace.htm">
      <Filter>HTML Help Topics</Filter>
    </None>
    <None Include="hlp\afx_hidp_default.htm">
      <Filter>HTML Help Topics</Filter>
    </None>
    <None Include="hlp\afx_hidw_dockbar_top.htm">
      <Filter>HTML Help Topics</Filter>
    </None>
    <None Include="hlp\afx_hidw_status_bar.htm">
      <Filter>HTML Help Topics</Filter>
    </None>
    <None Include="hlp\afx_hidw_toolbar.htm">
      <Filter>HTML Help Topics</Filter>
    </None>
    <None Include="hlp\hidr_doc1type.htm">
      <Filter>HTML Help Topics</Filter>
    </None>
    <None Include="hlp\hid_app_about.htm">
      <Filter>HTML Help Topics</Filter>
    </None>
    <None Include="hlp\hid_app_exit.htm">
      <Filter>HTML Help Topics</Filter>
    </None>
    <None Include="hlp\hid_context_help.htm">
      <Filter>HTML Help Topics</Filter>
    </None>
    <None Include="hlp\hid_edit_clear.htm">
      <Filter>HTML Help Topics</Filter>
    </None>
    <None Include="hlp\hid_edit_clear_all.htm">
      <Filter>HTML Help Topics</Filter>
    </None>
    <None Include="hlp\hid_edit_copy.htm">
      <Filter>HTML Help Topics</Filter>
    </None>
    <None Include="hlp\hid_edit_cut.htm">
      <Filter>HTML Help Topics</Filter>
    </None>
    <None Include="hlp\hid_edit_find.htm">
      <Filter>HTML Help Topics</Filter>
    </None>
    <None Include="hlp\hid_edit_paste.htm">
      <Filter>HTML Help Topics</Filter>
    </None>
    <None Include="hlp\hid_edit_redo.htm">
      <Filter>HTML Help Topics</Filter>
    </None>
    <None Include="hlp\hid_edit_repeat.htm">
      <Filter>HTML Help Topics</Filter>
    </None>
    <None Include="hlp\hid_edit_replace.htm">
      <Filter>HTML Help Topics</Filter>
    </None>
    <None Include="hlp\hid_edit_undo.htm">
      <Filter>HTML Help Topics</Filter>
    </None>
    <None Include="hlp\hid_file_close.htm">
      <Filter>HTML Help Topics</Filter>
    </None>
    <None Include="hlp\hid_file_mru_file1.htm">
      <Filter>HTML Help Topics</Filter>
    </None>
    <None Include="hlp\hid_file_new.htm">
      <Filter>HTML Help Topics</Filter>
    </None>
    <None Include="hlp\hid_file_open.htm">
      <Filter>HTML Help Topics</Filter>
    </None>
    <None Include="hlp\hid_file_save.htm">
      <Filter>HTML Help Topics</Filter>
    </None>
    <None Include="hlp\hid_file_save_as.htm">
      <Filter>HTML Help Topics</Filter>
    </None>
    <None Include="hlp\hid_file_send_mail.htm">
      <Filter>HTML Help Topics</Filter>
    </None>
    <None Include="hlp\hid_help_index.htm">
      <Filter>HTML Help Topics</Filter>
    </None>
    <None Include="hlp\hid_help_using.htm">
      <Filter>HTML Help Topics</Filter>
    </None>
    <None Include="hlp\hid_ht_caption.htm">
      <Filter>HTML Help Topics</Filter>
    </None>
    <None Include="hlp\hid_ht_nowhere.htm">
      <Filter>HTML Help Topics</Filter>
    </None>
    <None Include="hlp\hid_next_pane.htm">
      <Filter>HTML Help Topics</Filter>
    </None>
    <None Include="hlp\hid_prev_pane.htm">
      <Filter>HTML Help Topics</Filter>
    </None>
    <None Include="hlp\hid_sc_close.htm">
      <Filter>HTML Help Topics</Filter>
    </None>
    <None Include="hlp\hid_sc_maximize.htm">
      <Filter>HTML Help Topics</Filter>
    </None>
    <None Include="hlp\hid_sc_minimize.htm">
      <Filter>HTML Help Topics</Filter>
    </None>
    <None Include="hlp\hid_sc_move.htm">
      <Filter>HTML Help Topics</Filter>
    </None>
    <None Include="hlp\hid_sc_nextwindow.htm">
      <Filter>HTML Help Topics</Filter>
    </None>
    <None Include="hlp\hid_sc_prevwindow.htm">
      <Filter>HTML Help Topics</Filter>
    </None>
    <None Include="hlp\hid_sc_restore.htm">
      <Filter>HTML Help Topics</Filter>
    </None>
    <None Include="hlp\hid_sc_size.htm">
      <Filter>HTML Help Topics</Filter>
    </None>
    <None Include="hlp\hid_sc_tasklist.htm">
      <Filter>HTML Help Topics</Filter>
    </None>
    <None Include="hlp\hid_view_ruler.htm">
      <Filter>HTML Help Topics</Filter>
    </None>
    <None Include="hlp\hid_view_status_bar.htm">
      <Filter>HTML Help Topics</Filter>
    </None>
    <None Include="hlp\hid_view_toolbar.htm">
      <Filter>HTML Help Topics</Filter>
    </None>
    <None Include="hlp\hid_window_all.htm">
      <Filter>HTML Help Topics</Filter>
    </None>
    <None Include="hlp\hid_window_arrange.htm">
      <Filter>HTML Help Topics</Filter>
    </None>
    <None Include="hlp\hid_window_cascade.htm">
      <Filter>HTML Help Topics</Filter>
    </None>
    <None Include="hlp\hid_window_new.htm">
      <Filter>HTML Help Topics</Filter>
    </None>
    <None Include="hlp\hid_window_split.htm">
      <Filter>HTML Help Topics</Filter>
    </None>
    <None Include="hlp\hid_window_tile.htm">
      <Filter>HTML Help Topics</Filter>
    </None>
    <None Include="hlp\hid_window_tile_horz.htm">
      <Filter>HTML Help Topics</Filter>
    </None>
    <None Include="hlp\hid_window_tile_vert.htm">
      <Filter>HTML Help Topics</Filter>
    </None>
    <None Include="hlp\main_index.htm">
      <Filter>HTML Help Topics</Filter>
    </None>
    <None Include="hlp\menu_edit.htm">
      <Filter>HTML Help Topics</Filter>
    </None>
    <None Include="hlp\menu_file.htm">
      <Filter>HTML Help Topics</Filter>
    </None>
    <None Include="hlp\menu_help.htm">
      <Filter>HTML Help Topics</Filter>
    </None>
    <None Include="hlp\menu_view.htm">
      <Filter>HTML Help Topics</Filter>
    </None>
    <None Include="hlp\menu_window.htm">
      <Filter>HTML Help Topics</Filter>
    </None>
    <None Include="hlp\scrollbars.htm">
      <Filter>HTML Help Topics</Filter>
    </None>
    <None Include="hlp\Images\Bullet.gif">
      <Filter>Resource Files</Filter>
    </None>
    <None Include="res\newproject_icons.bmp">
      <Filter>Resource Files</Filter>
    </None>
    <None Include="res\AddDirIcon.bmp">
      <Filter>Resource Files</Filter>
    </None>
    <None Include="res\AddFileIcon.bmp">
      <Filter>Resource Files</Filter>
    </None>
  </ItemGroup>
  <ItemGroup>
    <ClInclude Include="IntuitiveEditor.h">
      <Filter>Source Files\Main</Filter>
    </ClInclude>
    <ClInclude Include="targetver.h">
      <Filter>Source Files\RFCResource</Filter>
    </ClInclude>
    <ClInclude Include="MainFrm.h">
      <Filter>Source Files\Main</Filter>
    </ClInclude>
    <ClInclude Include="ChildFrm.h">
      <Filter>Source Files\RFC Forms</Filter>
    </ClInclude>
    <ClInclude Include="ViewTree.h">
      <Filter>Source Files\RFC Forms</Filter>
    </ClInclude>
    <ClInclude Include="ClassView.h">
      <Filter>Source Files\RFC Forms</Filter>
    </ClInclude>
    <ClInclude Include="FileView.h">
      <Filter>Source Files\RFC Forms</Filter>
    </ClInclude>
    <ClInclude Include="IntuitiveEditorDoc.h">
      <Filter>Source Files\RFC Forms</Filter>
    </ClInclude>
    <ClInclude Include="OutputWnd.h">
      <Filter>Source Files\RFC Forms</Filter>
    </ClInclude>
    <ClInclude Include="PropertiesWnd.h">
      <Filter>Source Files\RFC Forms</Filter>
    </ClInclude>
    <ClInclude Include="OgreView.h">
      <Filter>Source Files\RFC Forms\Custom</Filter>
    </ClInclude>
    <ClInclude Include="AssetViewer.h">
      <Filter>Source Files\RFC Forms\Custom</Filter>
    </ClInclude>
    <ClInclude Include="NewProjectSheet.h">
      <Filter>Source Files\RFC Forms\Custom\NewProjectFrame</Filter>
    </ClInclude>
    <ClInclude Include="NewProjectMainTab.h">
      <Filter>Source Files\RFC Forms\Custom\NewProjectFrame</Filter>
    </ClInclude>
    <ClInclude Include="NewProjectAssetsTab.h">
      <Filter>Source Files\RFC Forms\Custom\NewProjectFrame</Filter>
    </ClInclude>
    <ClInclude Include="CPropertyGrid.h">
      <Filter>Source Files\Utils\PropertyGrid</Filter>
    </ClInclude>
    <ClInclude Include="ColorStatic.h">
      <Filter>Source Files\Utils\ColorStatic</Filter>
    </ClInclude>
    <ClInclude Include="XProgressCtrl.h">
      <Filter>Source Files\Utils\XProgressCtrl</Filter>
    </ClInclude>
    <ClInclude Include="CPropertyGridCustomCtrl.h">
      <Filter>Source Files\Utils\PropertyGrid</Filter>
    </ClInclude>
    <ClInclude Include="IntuitiveEditorView.h">
      <Filter>Source Files\Main</Filter>
    </ClInclude>
    <ClInclude Include="stdafx.h">
      <Filter>Source Files</Filter>
    </ClInclude>
    <ClInclude Include="Interface.h">
      <Filter>Source Files</Filter>
    </ClInclude>
    <ClInclude Include="UIManager.h">
      <Filter>Source Files\Main\UI</Filter>
    </ClInclude>
    <ClInclude Include="CMFCRibbonFixedButton.h">
      <Filter>Source Files\Utils</Filter>
    </ClInclude>
    <ClInclude Include="UIProjectTree.h">
      <Filter>Source Files\Main\UI</Filter>
    </ClInclude>
    <ClInclude Include="UIMainMenu.h">
      <Filter>Source Files\Main\UI</Filter>
    </ClInclude>
    <ClInclude Include="UIPropertyGrid.h">
      <Filter>Source Files\Main\UI</Filter>
    </ClInclude>
    <ClInclude Include="CLIChildFrm.h">
      <Filter>Source Files\RFC Forms\Custom\CLIFrame</Filter>
    </ClInclude>
    <ClInclude Include="CLIDoc.h">
      <Filter>Source Files\RFC Forms\Custom\CLIFrame</Filter>
    </ClInclude>
    <ClInclude Include="CLIView.h">
      <Filter>Source Files\RFC Forms\Custom\CLIFrame</Filter>
    </ClInclude>
    <ClInclude Include="MemoryModule.h">
      <Filter>Source Files\Utils</Filter>
    </ClInclude>
    <ClInclude Include="UISceneTree.h">
      <Filter>Source Files\Main\UI</Filter>
    </ClInclude>
    <ClInclude Include="UITreeItemList.h">
      <Filter>Source Files\Main\UI</Filter>
    </ClInclude>
  </ItemGroup>
  <ItemGroup>
    <ClCompile Include="ViewTree.cpp">
      <Filter>Source Files\RFC Forms</Filter>
    </ClCompile>
    <ClCompile Include="ClassView.cpp">
      <Filter>Source Files\RFC Forms</Filter>
    </ClCompile>
    <ClCompile Include="FileView.cpp">
      <Filter>Source Files\RFC Forms</Filter>
    </ClCompile>
    <ClCompile Include="IntuitiveEditorDoc.cpp">
      <Filter>Source Files\RFC Forms</Filter>
    </ClCompile>
    <ClCompile Include="OutputWnd.cpp">
      <Filter>Source Files\RFC Forms</Filter>
    </ClCompile>
    <ClCompile Include="PropertiesWnd.cpp">
      <Filter>Source Files\RFC Forms</Filter>
    </ClCompile>
    <ClCompile Include="MainFrm.cpp">
      <Filter>Source Files\Main</Filter>
    </ClCompile>
    <ClCompile Include="IntuitiveEditor.cpp">
      <Filter>Source Files\Main</Filter>
    </ClCompile>
    <ClCompile Include="ChildFrm.cpp">
      <Filter>Source Files\RFC Forms</Filter>
    </ClCompile>
    <ClCompile Include="OgreView.cpp">
      <Filter>Source Files\RFC Forms\Custom</Filter>
    </ClCompile>
    <ClCompile Include="NewProjectSheet.cpp">
      <Filter>Source Files\RFC Forms\Custom\NewProjectFrame</Filter>
    </ClCompile>
    <ClCompile Include="NewProjectMainTab.cpp">
      <Filter>Source Files\RFC Forms\Custom\NewProjectFrame</Filter>
    </ClCompile>
    <ClCompile Include="NewProjectAssetsTab.cpp">
      <Filter>Source Files\RFC Forms\Custom\NewProjectFrame</Filter>
    </ClCompile>
    <ClCompile Include="AssetViewer.cpp">
      <Filter>Source Files\RFC Forms\Custom</Filter>
    </ClCompile>
    <ClCompile Include="CPropertyGrid.cpp">
      <Filter>Source Files\Utils\PropertyGrid</Filter>
    </ClCompile>
    <ClCompile Include="ColorStatic.cpp">
      <Filter>Source Files\Utils\ColorStatic</Filter>
    </ClCompile>
    <ClCompile Include="XProgressCtrl.cpp">
      <Filter>Source Files\Utils\XProgressCtrl</Filter>
    </ClCompile>
    <ClCompile Include="CPropertyGridCustomCtrl.cpp">
      <Filter>Source Files\Utils\PropertyGrid</Filter>
    </ClCompile>
    <ClCompile Include="IntuitiveEditorView.cpp">
      <Filter>Source Files\Main</Filter>
    </ClCompile>
    <ClCompile Include="stdafx.cpp">
      <Filter>Source Files</Filter>
    </ClCompile>
    <ClCompile Include="Interface.cpp">
      <Filter>Source Files</Filter>
    </ClCompile>
    <ClCompile Include="UIManager.cpp">
      <Filter>Source Files\Main\UI</Filter>
    </ClCompile>
    <ClCompile Include="UIProjectTree.cpp">
      <Filter>Source Files\Main\UI</Filter>
    </ClCompile>
    <ClCompile Include="UIMainMenu.cpp">
      <Filter>Source Files\Main\UI</Filter>
    </ClCompile>
    <ClCompile Include="UIPropertyGrid.cpp">
      <Filter>Source Files\Main\UI</Filter>
    </ClCompile>
    <ClCompile Include="CLIChildFrm.cpp">
      <Filter>Source Files\RFC Forms\Custom\CLIFrame</Filter>
    </ClCompile>
    <ClCompile Include="CLIDoc.cpp">
      <Filter>Source Files\RFC Forms\Custom\CLIFrame</Filter>
    </ClCompile>
    <ClCompile Include="CLIView.cpp">
      <Filter>Source Files\RFC Forms\Custom\CLIFrame</Filter>
    </ClCompile>
    <ClCompile Include="MemoryModule.cpp">
      <Filter>Source Files\Utils</Filter>
    </ClCompile>
    <ClCompile Include="UISceneTree.cpp">
      <Filter>Source Files\Main\UI</Filter>
    </ClCompile>
    <ClCompile Include="UITreeItemList.cpp">
      <Filter>Source Files\Main\UI</Filter>
    </ClCompile>
  </ItemGroup>
  <ItemGroup>
    <ResourceCompile Include="IntuitiveGUI.rc">
      <Filter>Resource Files</Filter>
    </ResourceCompile>
  </ItemGroup>
  <ItemGroup>
    <CustomBuild Include="hlp\IntuitiveEditor.hhp">
      <Filter>HTML Help Files</Filter>
    </CustomBuild>
    <CustomBuild Include="Resource.h">
      <Filter>Source Files\RFCResource</Filter>
    </CustomBuild>
  </ItemGroup>
  <ItemGroup>
    <Image Include="res\IWELogo_32.bmp">
      <Filter>Resource Files</Filter>
    </Image>
    <Image Include="res\bitmap3.bmp">
      <Filter>Resource Files</Filter>
    </Image>
    <Image Include="res\IWEIcon_32.bmp">
      <Filter>Resource Files</Filter>
    </Image>
  </ItemGroup>
</Project>