
Microsoft Visual Studio Solution File, Format Version 12.00
# Visual Studio 11
Project("{2150E333-8FDC-42A3-9474-1A3956D46DE8}") = "Public", "Public", "{B3F5FD13-2489-41D6-8C13-8DB2D0939F9A}"
	ProjectSection(SolutionItems) = preProject
		..\Public\CoreMessages.h = ..\Public\CoreMessages.h
		..\Public\ICamera.h = ..\Public\ICamera.h
		..\Public\ICameraController.h = ..\Public\ICameraController.h
		..\Public\IEditorInteraction.h = ..\Public\IEditorInteraction.h
		..\Public\IEditorInterface.h = ..\Public\IEditorInterface.h
		..\Public\IEngineInterface.h = ..\Public\IEngineInterface.h
		..\Public\IGUI.h = ..\Public\IGUI.h
		..\Public\IPlugin.h = ..\Public\IPlugin.h
		..\Public\IProjectManager.h = ..\Public\IProjectManager.h
		..\Public\IPropertyHolder.h = ..\Public\IPropertyHolder.h
		..\Public\IRenderEngine.h = ..\Public\IRenderEngine.h
		..\Public\IResourceManager.h = ..\Public\IResourceManager.h
		..\Public\ISelectableTarget.h = ..\Public\ISelectableTarget.h
		..\Public\ITool.h = ..\Public\ITool.h
		..\Public\IToolManager.h = ..\Public\IToolManager.h
		..\Public\IUIMainMenu.h = ..\Public\IUIMainMenu.h
		..\Public\IUIManager.h = ..\Public\IUIManager.h
		..\Public\IUIProjectTree.h = ..\Public\IUIProjectTree.h
		..\Public\IUIPropertyGrid.h = ..\Public\IUIPropertyGrid.h
		..\Public\IViewport.h = ..\Public\IViewport.h
		..\Public\IViewportGrid.h = ..\Public\IViewportGrid.h
		..\Public\IWECommon.h = ..\Public\IWECommon.h
		..\Public\IWEKeys.h = ..\Public\IWEKeys.h
		..\Public\Tool.h = ..\Public\Tool.h
		..\Public\iwebase.h = ..\Public\iwebase.h
		..\Public\serverbase.h = ..\Public\serverbase.h
	EndProjectSection
EndProject
Project("{8BC9CEB8-8B4A-11D0-8D11-00A0C91BC942}") = "IntuitiveEngine", "..\Editor\IntuitiveEngine\IntuitiveEngine.vcxproj", "{FFE16F0F-8020-4A08-A945-24F5499074D7}"
	ProjectSection(ProjectDependencies) = postProject
		{622A8A49-0441-A2FF-BDD8-043F9438BDB8} = {622A8A49-0441-A2FF-BDD8-043F9438BDB8}
	EndProjectSection
EndProject
Project("{8BC9CEB8-8B4A-11D0-8D11-00A0C91BC942}") = "IntuitiveGUI", "..\Editor\IntuitiveGUI\IntuitiveGUI.vcxproj", "{396BD524-FDE2-44A2-9BED-3301E565A98D}"
EndProject
Project("{8BC9CEB8-8B4A-11D0-8D11-00A0C91BC942}") = "IntuitiveEditor", "..\Editor\IntuitiveEditor\IntuitiveEditor.vcxproj", "{94F06B0A-F647-48D3-93B4-99FEE6BA68FC}"
EndProject
Project("{8BC9CEB8-8B4A-11D0-8D11-00A0C91BC942}") = "IWE_PluginBaseTools", "..\Editor\IntuitivePlugins\IWE_PluginBaseTools\IWE_PluginBaseTools.vcxproj", "{B890E47A-6362-4158-96AC-86D0834524A5}"
	ProjectSection(ProjectDependencies) = postProject
		{622A8A49-0441-A2FF-BDD8-043F9438BDB8} = {622A8A49-0441-A2FF-BDD8-043F9438BDB8}
	EndProjectSection
EndProject
Project("{8BC9CEB8-8B4A-11D0-8D11-00A0C91BC942}") = "IWE_PluginEntities", "..\Editor\IntuitivePlugins\IWE_PluginEntities\IWE_PluginEntities.vcxproj", "{989DE629-6E07-46E1-A39C-5C0EB3D057DB}"
	ProjectSection(ProjectDependencies) = postProject
		{622A8A49-0441-A2FF-BDD8-043F9438BDB8} = {622A8A49-0441-A2FF-BDD8-043F9438BDB8}
	EndProjectSection
EndProject
Project("{2150E333-8FDC-42A3-9474-1A3956D46DE8}") = "Helpers", "Helpers", "{614DDC54-5AFD-419A-9FFB-389D05B0F242}"
	ProjectSection(SolutionItems) = preProject
		..\Public\Helpers\Event.h = ..\Public\Helpers\Event.h
		..\Public\Helpers\FastDelegate.h = ..\Public\Helpers\FastDelegate.h
		..\Public\Helpers\FastDelegateBind.h = ..\Public\Helpers\FastDelegateBind.h
		..\Public\Helpers\TagUserData.h = ..\Public\Helpers\TagUserData.h
		..\Public\Helpers\delayed_vector.h = ..\Public\Helpers\delayed_vector.h
	EndProjectSection
EndProject
Project("{8BC9CEB8-8B4A-11D0-8D11-00A0C91BC942}") = "IWE_PluginSound", "..\Editor\IntuitivePlugins\IWE_PluginSound\IWE_PluginSound.vcxproj", "{1D04BD73-C6AF-45C9-9A49-48D14B38D321}"
	ProjectSection(ProjectDependencies) = postProject
		{622A8A49-0441-A2FF-BDD8-043F9438BDB8} = {622A8A49-0441-A2FF-BDD8-043F9438BDB8}
	EndProjectSection
EndProject
Project("{8BC9CEB8-8B4A-11D0-8D11-00A0C91BC942}") = "IWE_PluginLights", "..\Editor\IntuitivePlugins\IWE_PluginLights\IntuitivePluginLights.vcxproj", "{ACBADD35-1307-4684-9AA0-06B31178E544}"
	ProjectSection(ProjectDependencies) = postProject
		{622A8A49-0441-A2FF-BDD8-043F9438BDB8} = {622A8A49-0441-A2FF-BDD8-043F9438BDB8}
	EndProjectSection
EndProject
Project("{8BC9CEB8-8B4A-11D0-8D11-00A0C91BC942}") = "IWE_PluginTerrain", "..\Editor\IntuitivePlugins\IWE_PluginTerrain\IWE_PluginTerrain.vcxproj", "{157CCC12-8814-4936-81EB-FA0FBE7FEEE8}"
	ProjectSection(ProjectDependencies) = postProject
		{622A8A49-0441-A2FF-BDD8-043F9438BDB8} = {622A8A49-0441-A2FF-BDD8-043F9438BDB8}
	EndProjectSection
EndProject
Project("{2150E333-8FDC-42A3-9474-1A3956D46DE8}") = "Editor", "Editor", "{B717C4A2-3DE9-43DD-9484-81AA53FCEE60}"
EndProject
Project("{2150E333-8FDC-42A3-9474-1A3956D46DE8}") = "Server", "Server", "{6312147E-FEDD-45CC-BA9A-094724657A0D}"
EndProject
Project("{8BC9CEB8-8B4A-11D0-8D11-00A0C91BC942}") = "ProxyServer", "..\Server\ProxyServer\ProxyServer.vcxproj", "{93802A95-104F-7134-604B-AA1BC25EA886}"
EndProject
Project("{8BC9CEB8-8B4A-11D0-8D11-00A0C91BC942}") = "ConsoleTestClient", "..\Server\ConsoleTestClient\ConsoleTestClient.vcxproj", "{A5FEA64A-1B94-7C6C-4E53-83F5901D8B48}"
EndProject
Project("{2150E333-8FDC-42A3-9474-1A3956D46DE8}") = "Common", "Common", "{0200D2BD-B86B-4423-BC61-D348772F935D}"
	ProjectSection(SolutionItems) = preProject
		..\Server\Common\Opcodes.h = ..\Server\Common\Opcodes.h
		..\Server\Common\ServerUtils.h = ..\Server\Common\ServerUtils.h
		..\Server\Common\serverbase.h = ..\Server\Common\serverbase.h
	EndProjectSection
EndProject
Project("{8BC9CEB8-8B4A-11D0-8D11-00A0C91BC942}") = "LoginServer", "..\Server\LoginServer\LoginServer.vcxproj", "{406E9AB8-8B3C-91E6-6C16-790499E82604}"
EndProject
Project("{2150E333-8FDC-42A3-9474-1A3956D46DE8}") = "Plugins", "Plugins", "{1066D878-7BBD-497B-A46E-0E397CA88C9E}"
EndProject
Project("{8BC9CEB8-8B4A-11D0-8D11-00A0C91BC942}") = "IWE_PluginSample", "..\Editor\IntuitivePlugins\IWE_PluginSample\IWE_PluginSample.vcxproj", "{6F3DD6BB-1C05-4757-93E8-2616F74DC5EB}"
	ProjectSection(ProjectDependencies) = postProject
		{622A8A49-0441-A2FF-BDD8-043F9438BDB8} = {622A8A49-0441-A2FF-BDD8-043F9438BDB8}
	EndProjectSection
EndProject
Project("{2150E333-8FDC-42A3-9474-1A3956D46DE8}") = "Samples", "Samples", "{6C7C4375-D40F-4501-A676-D98C7B750ECB}"
EndProject
Project("{8BC9CEB8-8B4A-11D0-8D11-00A0C91BC942}") = "IWE_PluginSample_CLRGui", "..\Editor\IntuitivePlugins\IWE_PluginSample_CLRGui\IWE_PluginSample_CLRGui.vcxproj", "{0DFD2725-39E2-4582-DED6-D653C99B35C0}"
	ProjectSection(ProjectDependencies) = postProject
		{622A8A49-0441-A2FF-BDD8-043F9438BDB8} = {622A8A49-0441-A2FF-BDD8-043F9438BDB8}
	EndProjectSection
EndProject
Project("{8BC9CEB8-8B4A-11D0-8D11-00A0C91BC942}") = "IWE_PluginNPC", "..\Editor\IntuitivePlugins\IWE_PluginNPC\IWE_PluginNPC.vcxproj", "{B8C0BC94-DDEB-489B-D128-A62ACED226AA}"
	ProjectSection(ProjectDependencies) = postProject
		{622A8A49-0441-A2FF-BDD8-043F9438BDB8} = {622A8A49-0441-A2FF-BDD8-043F9438BDB8}
	EndProjectSection
EndProject
Project("{2150E333-8FDC-42A3-9474-1A3956D46DE8}") = "Client", "Client", "{7ED32915-1E6A-45D2-BE24-E42BB2462D3F}"
EndProject
Project("{8BC9CEB8-8B4A-11D0-8D11-00A0C91BC942}") = "ClientEngine", "..\Client\ClientEngine\IntuitiveEngine.vcxproj", "{13C2872E-8FB0-4262-9343-77928AA2099B}"
	ProjectSection(ProjectDependencies) = postProject
		{622A8A49-0441-A2FF-BDD8-043F9438BDB8} = {622A8A49-0441-A2FF-BDD8-043F9438BDB8}
	EndProjectSection
EndProject
Project("{8BC9CEB8-8B4A-11D0-8D11-00A0C91BC942}") = "Client", "..\Client\Client\Client.vcxproj", "{9F9023AD-8E30-16F6-994C-EF133CECF3EA}"
	ProjectSection(ProjectDependencies) = postProject
		{13C2872E-8FB0-4262-9343-77928AA2099B} = {13C2872E-8FB0-4262-9343-77928AA2099B}
	EndProjectSection
EndProject
Project("{2150E333-8FDC-42A3-9474-1A3956D46DE8}") = "Solution Items", "Solution Items", "{A7BBBD59-6004-40C9-B0CE-854813FDEC80}"
	ProjectSection(SolutionItems) = preProject
		Performance1.psess = Performance1.psess
	EndProjectSection
EndProject
Project("{8BC9CEB8-8B4A-11D0-8D11-00A0C91BC942}") = "RenderHelper", "..\Public\RenderHelper\RenderHelper.vcxproj", "{622A8A49-0441-A2FF-BDD8-043F9438BDB8}"
EndProject
Global
	GlobalSection(SolutionConfigurationPlatforms) = preSolution
		Debug|Win32 = Debug|Win32
		Debug|x64 = Debug|x64
		Editor Debug|Win32 = Editor Debug|Win32
		Editor Debug|x64 = Editor Debug|x64
		Editor Release|Win32 = Editor Release|Win32
		Editor Release|x64 = Editor Release|x64
		Game Debug|Win32 = Game Debug|Win32
		Game Debug|x64 = Game Debug|x64
		Game Release|Win32 = Game Release|Win32
		Game Release|x64 = Game Release|x64
		Release|Win32 = Release|Win32
		Release|x64 = Release|x64
		Server Debug|Win32 = Server Debug|Win32
		Server Debug|x64 = Server Debug|x64
		Server Release|Win32 = Server Release|Win32
		Server Release|x64 = Server Release|x64
	EndGlobalSection
	GlobalSection(ProjectConfigurationPlatforms) = postSolution
		{0DFD2725-39E2-4582-DED6-D653C99B35C0}.Debug|Win32.ActiveCfg = Debug|Win32
		{0DFD2725-39E2-4582-DED6-D653C99B35C0}.Debug|Win32.Build.0 = Debug|Win32
		{0DFD2725-39E2-4582-DED6-D653C99B35C0}.Debug|x64.ActiveCfg = Debug|x64
		{0DFD2725-39E2-4582-DED6-D653C99B35C0}.Debug|x64.Build.0 = Debug|x64
		{0DFD2725-39E2-4582-DED6-D653C99B35C0}.Editor Debug|Win32.ActiveCfg = Debug|Win32
		{0DFD2725-39E2-4582-DED6-D653C99B35C0}.Editor Debug|x64.ActiveCfg = Debug|Win32
		{0DFD2725-39E2-4582-DED6-D653C99B35C0}.Editor Release|Win32.ActiveCfg = Release|Win32
		{0DFD2725-39E2-4582-DED6-D653C99B35C0}.Editor Release|x64.ActiveCfg = Release|Win32
		{0DFD2725-39E2-4582-DED6-D653C99B35C0}.Game Debug|Win32.ActiveCfg = Debug|Win32
		{0DFD2725-39E2-4582-DED6-D653C99B35C0}.Game Debug|x64.ActiveCfg = Debug|x64
		{0DFD2725-39E2-4582-DED6-D653C99B35C0}.Game Debug|x64.Build.0 = Debug|x64
		{0DFD2725-39E2-4582-DED6-D653C99B35C0}.Game Release|Win32.ActiveCfg = Release|Win32
		{0DFD2725-39E2-4582-DED6-D653C99B35C0}.Game Release|x64.ActiveCfg = Release|x64
		{0DFD2725-39E2-4582-DED6-D653C99B35C0}.Game Release|x64.Build.0 = Release|x64
		{0DFD2725-39E2-4582-DED6-D653C99B35C0}.Release|Win32.ActiveCfg = Release|Win32
		{0DFD2725-39E2-4582-DED6-D653C99B35C0}.Release|Win32.Build.0 = Release|Win32
		{0DFD2725-39E2-4582-DED6-D653C99B35C0}.Release|x64.ActiveCfg = Release|x64
		{0DFD2725-39E2-4582-DED6-D653C99B35C0}.Release|x64.Build.0 = Release|x64
		{0DFD2725-39E2-4582-DED6-D653C99B35C0}.Server Debug|Win32.ActiveCfg = Debug|Win32
		{0DFD2725-39E2-4582-DED6-D653C99B35C0}.Server Debug|x64.ActiveCfg = Debug|Win32
		{0DFD2725-39E2-4582-DED6-D653C99B35C0}.Server Release|Win32.ActiveCfg = Release|Win32
		{0DFD2725-39E2-4582-DED6-D653C99B35C0}.Server Release|x64.ActiveCfg = Release|Win32
		{13C2872E-8FB0-4262-9343-77928AA2099B}.Debug|Win32.ActiveCfg = Debug|Win32
		{13C2872E-8FB0-4262-9343-77928AA2099B}.Debug|Win32.Build.0 = Debug|Win32
		{13C2872E-8FB0-4262-9343-77928AA2099B}.Debug|x64.ActiveCfg = Debug|x64
		{13C2872E-8FB0-4262-9343-77928AA2099B}.Debug|x64.Build.0 = Debug|x64
		{13C2872E-8FB0-4262-9343-77928AA2099B}.Editor Debug|Win32.ActiveCfg = Debug|Win32
		{13C2872E-8FB0-4262-9343-77928AA2099B}.Editor Debug|Win32.Build.0 = Debug|Win32
		{13C2872E-8FB0-4262-9343-77928AA2099B}.Editor Debug|x64.ActiveCfg = Debug|x64
		{13C2872E-8FB0-4262-9343-77928AA2099B}.Editor Debug|x64.Build.0 = Debug|x64
		{13C2872E-8FB0-4262-9343-77928AA2099B}.Editor Release|Win32.ActiveCfg = Release|Win32
		{13C2872E-8FB0-4262-9343-77928AA2099B}.Editor Release|Win32.Build.0 = Release|Win32
		{13C2872E-8FB0-4262-9343-77928AA2099B}.Editor Release|x64.ActiveCfg = Release|x64
		{13C2872E-8FB0-4262-9343-77928AA2099B}.Editor Release|x64.Build.0 = Release|x64
		{13C2872E-8FB0-4262-9343-77928AA2099B}.Game Debug|Win32.ActiveCfg = Debug|Win32
		{13C2872E-8FB0-4262-9343-77928AA2099B}.Game Debug|Win32.Build.0 = Debug|Win32
		{13C2872E-8FB0-4262-9343-77928AA2099B}.Game Debug|x64.ActiveCfg = Debug|x64
		{13C2872E-8FB0-4262-9343-77928AA2099B}.Game Debug|x64.Build.0 = Debug|x64
		{13C2872E-8FB0-4262-9343-77928AA2099B}.Game Release|Win32.ActiveCfg = Release|Win32
		{13C2872E-8FB0-4262-9343-77928AA2099B}.Game Release|Win32.Build.0 = Release|Win32
		{13C2872E-8FB0-4262-9343-77928AA2099B}.Game Release|x64.ActiveCfg = Release|x64
		{13C2872E-8FB0-4262-9343-77928AA2099B}.Game Release|x64.Build.0 = Release|x64
		{13C2872E-8FB0-4262-9343-77928AA2099B}.Release|Win32.ActiveCfg = Release|Win32
		{13C2872E-8FB0-4262-9343-77928AA2099B}.Release|Win32.Build.0 = Release|Win32
		{13C2872E-8FB0-4262-9343-77928AA2099B}.Release|x64.ActiveCfg = Release|x64
		{13C2872E-8FB0-4262-9343-77928AA2099B}.Release|x64.Build.0 = Release|x64
		{13C2872E-8FB0-4262-9343-77928AA2099B}.Server Debug|Win32.ActiveCfg = Debug|Win32
		{13C2872E-8FB0-4262-9343-77928AA2099B}.Server Debug|Win32.Build.0 = Debug|Win32
		{13C2872E-8FB0-4262-9343-77928AA2099B}.Server Debug|x64.ActiveCfg = Debug|x64
		{13C2872E-8FB0-4262-9343-77928AA2099B}.Server Debug|x64.Build.0 = Debug|x64
		{13C2872E-8FB0-4262-9343-77928AA2099B}.Server Release|Win32.ActiveCfg = Release|Win32
		{13C2872E-8FB0-4262-9343-77928AA2099B}.Server Release|Win32.Build.0 = Release|Win32
		{13C2872E-8FB0-4262-9343-77928AA2099B}.Server Release|x64.ActiveCfg = Release|x64
		{13C2872E-8FB0-4262-9343-77928AA2099B}.Server Release|x64.Build.0 = Release|x64
		{157CCC12-8814-4936-81EB-FA0FBE7FEEE8}.Debug|Win32.ActiveCfg = Debug|Win32
		{157CCC12-8814-4936-81EB-FA0FBE7FEEE8}.Debug|Win32.Build.0 = Debug|Win32
		{157CCC12-8814-4936-81EB-FA0FBE7FEEE8}.Debug|x64.ActiveCfg = Debug|x64
		{157CCC12-8814-4936-81EB-FA0FBE7FEEE8}.Debug|x64.Build.0 = Debug|x64
		{157CCC12-8814-4936-81EB-FA0FBE7FEEE8}.Editor Debug|Win32.ActiveCfg = Debug|Win32
		{157CCC12-8814-4936-81EB-FA0FBE7FEEE8}.Editor Debug|Win32.Build.0 = Debug|Win32
		{157CCC12-8814-4936-81EB-FA0FBE7FEEE8}.Editor Debug|x64.ActiveCfg = Debug|x64
		{157CCC12-8814-4936-81EB-FA0FBE7FEEE8}.Editor Debug|x64.Build.0 = Debug|x64
		{157CCC12-8814-4936-81EB-FA0FBE7FEEE8}.Editor Release|Win32.ActiveCfg = Release|Win32
		{157CCC12-8814-4936-81EB-FA0FBE7FEEE8}.Editor Release|Win32.Build.0 = Release|Win32
		{157CCC12-8814-4936-81EB-FA0FBE7FEEE8}.Editor Release|x64.ActiveCfg = Release|x64
		{157CCC12-8814-4936-81EB-FA0FBE7FEEE8}.Editor Release|x64.Build.0 = Release|x64
		{157CCC12-8814-4936-81EB-FA0FBE7FEEE8}.Game Debug|Win32.ActiveCfg = Debug|Win32
		{157CCC12-8814-4936-81EB-FA0FBE7FEEE8}.Game Debug|x64.ActiveCfg = Debug|x64
		{157CCC12-8814-4936-81EB-FA0FBE7FEEE8}.Game Debug|x64.Build.0 = Debug|x64
		{157CCC12-8814-4936-81EB-FA0FBE7FEEE8}.Game Release|Win32.ActiveCfg = Release|Win32
		{157CCC12-8814-4936-81EB-FA0FBE7FEEE8}.Game Release|x64.ActiveCfg = Release|x64
		{157CCC12-8814-4936-81EB-FA0FBE7FEEE8}.Game Release|x64.Build.0 = Release|x64
		{157CCC12-8814-4936-81EB-FA0FBE7FEEE8}.Release|Win32.ActiveCfg = Release|Win32
		{157CCC12-8814-4936-81EB-FA0FBE7FEEE8}.Release|Win32.Build.0 = Release|Win32
		{157CCC12-8814-4936-81EB-FA0FBE7FEEE8}.Release|x64.ActiveCfg = Release|x64
		{157CCC12-8814-4936-81EB-FA0FBE7FEEE8}.Release|x64.Build.0 = Release|x64
		{157CCC12-8814-4936-81EB-FA0FBE7FEEE8}.Server Debug|Win32.ActiveCfg = Debug|Win32
		{157CCC12-8814-4936-81EB-FA0FBE7FEEE8}.Server Debug|x64.ActiveCfg = Debug|x64
		{157CCC12-8814-4936-81EB-FA0FBE7FEEE8}.Server Debug|x64.Build.0 = Debug|x64
		{157CCC12-8814-4936-81EB-FA0FBE7FEEE8}.Server Release|Win32.ActiveCfg = Release|Win32
		{157CCC12-8814-4936-81EB-FA0FBE7FEEE8}.Server Release|x64.ActiveCfg = Release|x64
		{157CCC12-8814-4936-81EB-FA0FBE7FEEE8}.Server Release|x64.Build.0 = Release|x64
		{1D04BD73-C6AF-45C9-9A49-48D14B38D321}.Debug|Win32.ActiveCfg = Debug|Win32
		{1D04BD73-C6AF-45C9-9A49-48D14B38D321}.Debug|Win32.Build.0 = Debug|Win32
		{1D04BD73-C6AF-45C9-9A49-48D14B38D321}.Debug|x64.ActiveCfg = Debug|x64
		{1D04BD73-C6AF-45C9-9A49-48D14B38D321}.Debug|x64.Build.0 = Debug|x64
		{1D04BD73-C6AF-45C9-9A49-48D14B38D321}.Editor Debug|Win32.ActiveCfg = Debug|Win32
		{1D04BD73-C6AF-45C9-9A49-48D14B38D321}.Editor Debug|Win32.Build.0 = Debug|Win32
		{1D04BD73-C6AF-45C9-9A49-48D14B38D321}.Editor Debug|x64.ActiveCfg = Debug|x64
		{1D04BD73-C6AF-45C9-9A49-48D14B38D321}.Editor Debug|x64.Build.0 = Debug|x64
		{1D04BD73-C6AF-45C9-9A49-48D14B38D321}.Editor Release|Win32.ActiveCfg = Release|Win32
		{1D04BD73-C6AF-45C9-9A49-48D14B38D321}.Editor Release|Win32.Build.0 = Release|Win32
		{1D04BD73-C6AF-45C9-9A49-48D14B38D321}.Editor Release|x64.ActiveCfg = Release|x64
		{1D04BD73-C6AF-45C9-9A49-48D14B38D321}.Editor Release|x64.Build.0 = Release|x64
		{1D04BD73-C6AF-45C9-9A49-48D14B38D321}.Game Debug|Win32.ActiveCfg = Debug|Win32
		{1D04BD73-C6AF-45C9-9A49-48D14B38D321}.Game Debug|x64.ActiveCfg = Debug|x64
		{1D04BD73-C6AF-45C9-9A49-48D14B38D321}.Game Debug|x64.Build.0 = Debug|x64
		{1D04BD73-C6AF-45C9-9A49-48D14B38D321}.Game Release|Win32.ActiveCfg = Release|Win32
		{1D04BD73-C6AF-45C9-9A49-48D14B38D321}.Game Release|x64.ActiveCfg = Release|x64
		{1D04BD73-C6AF-45C9-9A49-48D14B38D321}.Game Release|x64.Build.0 = Release|x64
		{1D04BD73-C6AF-45C9-9A49-48D14B38D321}.Release|Win32.ActiveCfg = Release|Win32
		{1D04BD73-C6AF-45C9-9A49-48D14B38D321}.Release|Win32.Build.0 = Release|Win32
		{1D04BD73-C6AF-45C9-9A49-48D14B38D321}.Release|x64.ActiveCfg = Release|x64
		{1D04BD73-C6AF-45C9-9A49-48D14B38D321}.Release|x64.Build.0 = Release|x64
		{1D04BD73-C6AF-45C9-9A49-48D14B38D321}.Server Debug|Win32.ActiveCfg = Debug|Win32
		{1D04BD73-C6AF-45C9-9A49-48D14B38D321}.Server Debug|x64.ActiveCfg = Debug|x64
		{1D04BD73-C6AF-45C9-9A49-48D14B38D321}.Server Debug|x64.Build.0 = Debug|x64
		{1D04BD73-C6AF-45C9-9A49-48D14B38D321}.Server Release|Win32.ActiveCfg = Release|Win32
		{1D04BD73-C6AF-45C9-9A49-48D14B38D321}.Server Release|x64.ActiveCfg = Release|x64
		{1D04BD73-C6AF-45C9-9A49-48D14B38D321}.Server Release|x64.Build.0 = Release|x64
		{396BD524-FDE2-44A2-9BED-3301E565A98D}.Debug|Win32.ActiveCfg = Debug|Win32
		{396BD524-FDE2-44A2-9BED-3301E565A98D}.Debug|Win32.Build.0 = Debug|Win32
		{396BD524-FDE2-44A2-9BED-3301E565A98D}.Debug|x64.ActiveCfg = Debug|x64
		{396BD524-FDE2-44A2-9BED-3301E565A98D}.Debug|x64.Build.0 = Debug|x64
		{396BD524-FDE2-44A2-9BED-3301E565A98D}.Editor Debug|Win32.ActiveCfg = Debug|Win32
		{396BD524-FDE2-44A2-9BED-3301E565A98D}.Editor Debug|Win32.Build.0 = Debug|Win32
		{396BD524-FDE2-44A2-9BED-3301E565A98D}.Editor Debug|x64.ActiveCfg = Debug|x64
		{396BD524-FDE2-44A2-9BED-3301E565A98D}.Editor Debug|x64.Build.0 = Debug|x64
		{396BD524-FDE2-44A2-9BED-3301E565A98D}.Editor Release|Win32.ActiveCfg = Release|Win32
		{396BD524-FDE2-44A2-9BED-3301E565A98D}.Editor Release|Win32.Build.0 = Release|Win32
		{396BD524-FDE2-44A2-9BED-3301E565A98D}.Editor Release|x64.ActiveCfg = Release|x64
		{396BD524-FDE2-44A2-9BED-3301E565A98D}.Editor Release|x64.Build.0 = Release|x64
		{396BD524-FDE2-44A2-9BED-3301E565A98D}.Game Debug|Win32.ActiveCfg = Debug|Win32
		{396BD524-FDE2-44A2-9BED-3301E565A98D}.Game Debug|x64.ActiveCfg = Debug|x64
		{396BD524-FDE2-44A2-9BED-3301E565A98D}.Game Debug|x64.Build.0 = Debug|x64
		{396BD524-FDE2-44A2-9BED-3301E565A98D}.Game Release|Win32.ActiveCfg = Release|Win32
		{396BD524-FDE2-44A2-9BED-3301E565A98D}.Game Release|x64.ActiveCfg = Release|x64
		{396BD524-FDE2-44A2-9BED-3301E565A98D}.Game Release|x64.Build.0 = Release|x64
		{396BD524-FDE2-44A2-9BED-3301E565A98D}.Release|Win32.ActiveCfg = Release|Win32
		{396BD524-FDE2-44A2-9BED-3301E565A98D}.Release|Win32.Build.0 = Release|Win32
		{396BD524-FDE2-44A2-9BED-3301E565A98D}.Release|x64.ActiveCfg = Release|x64
		{396BD524-FDE2-44A2-9BED-3301E565A98D}.Release|x64.Build.0 = Release|x64
		{396BD524-FDE2-44A2-9BED-3301E565A98D}.Server Debug|Win32.ActiveCfg = Debug|Win32
		{396BD524-FDE2-44A2-9BED-3301E565A98D}.Server Debug|x64.ActiveCfg = Debug|x64
		{396BD524-FDE2-44A2-9BED-3301E565A98D}.Server Debug|x64.Build.0 = Debug|x64
		{396BD524-FDE2-44A2-9BED-3301E565A98D}.Server Release|Win32.ActiveCfg = Release|Win32
		{396BD524-FDE2-44A2-9BED-3301E565A98D}.Server Release|x64.ActiveCfg = Release|x64
		{396BD524-FDE2-44A2-9BED-3301E565A98D}.Server Release|x64.Build.0 = Release|x64
		{406E9AB8-8B3C-91E6-6C16-790499E82604}.Debug|Win32.ActiveCfg = Debug|Win32
		{406E9AB8-8B3C-91E6-6C16-790499E82604}.Debug|Win32.Build.0 = Debug|Win32
		{406E9AB8-8B3C-91E6-6C16-790499E82604}.Debug|x64.ActiveCfg = Debug|Win32
		{406E9AB8-8B3C-91E6-6C16-790499E82604}.Editor Debug|Win32.ActiveCfg = Debug|Win32
		{406E9AB8-8B3C-91E6-6C16-790499E82604}.Editor Debug|x64.ActiveCfg = Debug|Win32
		{406E9AB8-8B3C-91E6-6C16-790499E82604}.Editor Release|Win32.ActiveCfg = Release|Win32
		{406E9AB8-8B3C-91E6-6C16-790499E82604}.Editor Release|x64.ActiveCfg = Release|Win32
		{406E9AB8-8B3C-91E6-6C16-790499E82604}.Game Debug|Win32.ActiveCfg = Debug|Win32
		{406E9AB8-8B3C-91E6-6C16-790499E82604}.Game Debug|x64.ActiveCfg = Debug|Win32
		{406E9AB8-8B3C-91E6-6C16-790499E82604}.Game Release|Win32.ActiveCfg = Release|Win32
		{406E9AB8-8B3C-91E6-6C16-790499E82604}.Game Release|x64.ActiveCfg = Release|Win32
		{406E9AB8-8B3C-91E6-6C16-790499E82604}.Release|Win32.ActiveCfg = Release|Win32
		{406E9AB8-8B3C-91E6-6C16-790499E82604}.Release|Win32.Build.0 = Release|Win32
		{406E9AB8-8B3C-91E6-6C16-790499E82604}.Release|x64.ActiveCfg = Release|Win32
		{406E9AB8-8B3C-91E6-6C16-790499E82604}.Server Debug|Win32.ActiveCfg = Debug|Win32
		{406E9AB8-8B3C-91E6-6C16-790499E82604}.Server Debug|Win32.Build.0 = Debug|Win32
		{406E9AB8-8B3C-91E6-6C16-790499E82604}.Server Debug|x64.ActiveCfg = Debug|Win32
		{406E9AB8-8B3C-91E6-6C16-790499E82604}.Server Release|Win32.ActiveCfg = Release|Win32
		{406E9AB8-8B3C-91E6-6C16-790499E82604}.Server Release|Win32.Build.0 = Release|Win32
		{406E9AB8-8B3C-91E6-6C16-790499E82604}.Server Release|x64.ActiveCfg = Release|Win32
		{622A8A49-0441-A2FF-BDD8-043F9438BDB8}.Debug|Win32.ActiveCfg = Debug|Win32
		{622A8A49-0441-A2FF-BDD8-043F9438BDB8}.Debug|Win32.Build.0 = Debug|Win32
		{622A8A49-0441-A2FF-BDD8-043F9438BDB8}.Debug|x64.ActiveCfg = Debug|Win32
		{622A8A49-0441-A2FF-BDD8-043F9438BDB8}.Editor Debug|Win32.ActiveCfg = Debug|Win32
		{622A8A49-0441-A2FF-BDD8-043F9438BDB8}.Editor Debug|Win32.Build.0 = Debug|Win32
		{622A8A49-0441-A2FF-BDD8-043F9438BDB8}.Editor Debug|x64.ActiveCfg = Debug|x64
		{622A8A49-0441-A2FF-BDD8-043F9438BDB8}.Editor Debug|x64.Build.0 = Debug|x64
		{622A8A49-0441-A2FF-BDD8-043F9438BDB8}.Editor Release|Win32.ActiveCfg = Release|Win32
		{622A8A49-0441-A2FF-BDD8-043F9438BDB8}.Editor Release|Win32.Build.0 = Release|Win32
		{622A8A49-0441-A2FF-BDD8-043F9438BDB8}.Editor Release|x64.ActiveCfg = Release|x64
		{622A8A49-0441-A2FF-BDD8-043F9438BDB8}.Editor Release|x64.Build.0 = Release|x64
		{622A8A49-0441-A2FF-BDD8-043F9438BDB8}.Game Debug|Win32.ActiveCfg = Debug|Win32
		{622A8A49-0441-A2FF-BDD8-043F9438BDB8}.Game Debug|Win32.Build.0 = Debug|Win32
		{622A8A49-0441-A2FF-BDD8-043F9438BDB8}.Game Debug|x64.ActiveCfg = Debug|Win32
		{622A8A49-0441-A2FF-BDD8-043F9438BDB8}.Game Release|Win32.ActiveCfg = Release|Win32
		{622A8A49-0441-A2FF-BDD8-043F9438BDB8}.Game Release|Win32.Build.0 = Release|Win32
		{622A8A49-0441-A2FF-BDD8-043F9438BDB8}.Game Release|x64.ActiveCfg = Release|Win32
		{622A8A49-0441-A2FF-BDD8-043F9438BDB8}.Release|Win32.ActiveCfg = Release|Win32
		{622A8A49-0441-A2FF-BDD8-043F9438BDB8}.Release|Win32.Build.0 = Release|Win32
		{622A8A49-0441-A2FF-BDD8-043F9438BDB8}.Release|x64.ActiveCfg = Release|Win32
		{622A8A49-0441-A2FF-BDD8-043F9438BDB8}.Server Debug|Win32.ActiveCfg = Debug|Win32
		{622A8A49-0441-A2FF-BDD8-043F9438BDB8}.Server Debug|Win32.Build.0 = Debug|Win32
		{622A8A49-0441-A2FF-BDD8-043F9438BDB8}.Server Debug|x64.ActiveCfg = Debug|Win32
		{622A8A49-0441-A2FF-BDD8-043F9438BDB8}.Server Release|Win32.ActiveCfg = Release|Win32
		{622A8A49-0441-A2FF-BDD8-043F9438BDB8}.Server Release|Win32.Build.0 = Release|Win32
		{622A8A49-0441-A2FF-BDD8-043F9438BDB8}.Server Release|x64.ActiveCfg = Release|Win32
		{6F3DD6BB-1C05-4757-93E8-2616F74DC5EB}.Debug|Win32.ActiveCfg = Debug|Win32
		{6F3DD6BB-1C05-4757-93E8-2616F74DC5EB}.Debug|Win32.Build.0 = Debug|Win32
		{6F3DD6BB-1C05-4757-93E8-2616F74DC5EB}.Debug|x64.ActiveCfg = Debug|x64
		{6F3DD6BB-1C05-4757-93E8-2616F74DC5EB}.Debug|x64.Build.0 = Debug|x64
		{6F3DD6BB-1C05-4757-93E8-2616F74DC5EB}.Editor Debug|Win32.ActiveCfg = Debug|Win32
		{6F3DD6BB-1C05-4757-93E8-2616F74DC5EB}.Editor Debug|x64.ActiveCfg = Debug|x64
		{6F3DD6BB-1C05-4757-93E8-2616F74DC5EB}.Editor Debug|x64.Build.0 = Debug|x64
		{6F3DD6BB-1C05-4757-93E8-2616F74DC5EB}.Editor Release|Win32.ActiveCfg = Release|Win32
		{6F3DD6BB-1C05-4757-93E8-2616F74DC5EB}.Editor Release|x64.ActiveCfg = Release|x64
		{6F3DD6BB-1C05-4757-93E8-2616F74DC5EB}.Editor Release|x64.Build.0 = Release|x64
		{6F3DD6BB-1C05-4757-93E8-2616F74DC5EB}.Game Debug|Win32.ActiveCfg = Debug|Win32
		{6F3DD6BB-1C05-4757-93E8-2616F74DC5EB}.Game Debug|x64.ActiveCfg = Debug|x64
		{6F3DD6BB-1C05-4757-93E8-2616F74DC5EB}.Game Debug|x64.Build.0 = Debug|x64
		{6F3DD6BB-1C05-4757-93E8-2616F74DC5EB}.Game Release|Win32.ActiveCfg = Release|Win32
		{6F3DD6BB-1C05-4757-93E8-2616F74DC5EB}.Game Release|x64.ActiveCfg = Release|x64
		{6F3DD6BB-1C05-4757-93E8-2616F74DC5EB}.Game Release|x64.Build.0 = Release|x64
		{6F3DD6BB-1C05-4757-93E8-2616F74DC5EB}.Release|Win32.ActiveCfg = Release|Win32
		{6F3DD6BB-1C05-4757-93E8-2616F74DC5EB}.Release|Win32.Build.0 = Release|Win32
		{6F3DD6BB-1C05-4757-93E8-2616F74DC5EB}.Release|x64.ActiveCfg = Release|x64
		{6F3DD6BB-1C05-4757-93E8-2616F74DC5EB}.Release|x64.Build.0 = Release|x64
		{6F3DD6BB-1C05-4757-93E8-2616F74DC5EB}.Server Debug|Win32.ActiveCfg = Debug|Win32
		{6F3DD6BB-1C05-4757-93E8-2616F74DC5EB}.Server Debug|x64.ActiveCfg = Debug|x64
		{6F3DD6BB-1C05-4757-93E8-2616F74DC5EB}.Server Debug|x64.Build.0 = Debug|x64
		{6F3DD6BB-1C05-4757-93E8-2616F74DC5EB}.Server Release|Win32.ActiveCfg = Release|Win32
		{6F3DD6BB-1C05-4757-93E8-2616F74DC5EB}.Server Release|x64.ActiveCfg = Release|x64
		{6F3DD6BB-1C05-4757-93E8-2616F74DC5EB}.Server Release|x64.Build.0 = Release|x64
		{93802A95-104F-7134-604B-AA1BC25EA886}.Debug|Win32.ActiveCfg = Debug|Win32
		{93802A95-104F-7134-604B-AA1BC25EA886}.Debug|Win32.Build.0 = Debug|Win32
		{93802A95-104F-7134-604B-AA1BC25EA886}.Debug|x64.ActiveCfg = Debug|Win32
		{93802A95-104F-7134-604B-AA1BC25EA886}.Editor Debug|Win32.ActiveCfg = Debug|Win32
		{93802A95-104F-7134-604B-AA1BC25EA886}.Editor Debug|x64.ActiveCfg = Debug|Win32
		{93802A95-104F-7134-604B-AA1BC25EA886}.Editor Release|Win32.ActiveCfg = Release|Win32
		{93802A95-104F-7134-604B-AA1BC25EA886}.Editor Release|x64.ActiveCfg = Release|Win32
		{93802A95-104F-7134-604B-AA1BC25EA886}.Game Debug|Win32.ActiveCfg = Debug|Win32
		{93802A95-104F-7134-604B-AA1BC25EA886}.Game Debug|x64.ActiveCfg = Debug|Win32
		{93802A95-104F-7134-604B-AA1BC25EA886}.Game Release|Win32.ActiveCfg = Release|Win32
		{93802A95-104F-7134-604B-AA1BC25EA886}.Game Release|x64.ActiveCfg = Release|Win32
		{93802A95-104F-7134-604B-AA1BC25EA886}.Release|Win32.ActiveCfg = Release|Win32
		{93802A95-104F-7134-604B-AA1BC25EA886}.Release|Win32.Build.0 = Release|Win32
		{93802A95-104F-7134-604B-AA1BC25EA886}.Release|x64.ActiveCfg = Release|Win32
		{93802A95-104F-7134-604B-AA1BC25EA886}.Server Debug|Win32.ActiveCfg = Debug|Win32
		{93802A95-104F-7134-604B-AA1BC25EA886}.Server Debug|Win32.Build.0 = Debug|Win32
		{93802A95-104F-7134-604B-AA1BC25EA886}.Server Debug|x64.ActiveCfg = Debug|Win32
		{93802A95-104F-7134-604B-AA1BC25EA886}.Server Release|Win32.ActiveCfg = Release|Win32
		{93802A95-104F-7134-604B-AA1BC25EA886}.Server Release|Win32.Build.0 = Release|Win32
		{93802A95-104F-7134-604B-AA1BC25EA886}.Server Release|x64.ActiveCfg = Release|Win32
		{94F06B0A-F647-48D3-93B4-99FEE6BA68FC}.Debug|Win32.ActiveCfg = Debug|Win32
		{94F06B0A-F647-48D3-93B4-99FEE6BA68FC}.Debug|Win32.Build.0 = Debug|Win32
		{94F06B0A-F647-48D3-93B4-99FEE6BA68FC}.Debug|x64.ActiveCfg = Debug|x64
		{94F06B0A-F647-48D3-93B4-99FEE6BA68FC}.Debug|x64.Build.0 = Debug|x64
		{94F06B0A-F647-48D3-93B4-99FEE6BA68FC}.Editor Debug|Win32.ActiveCfg = Debug|Win32
		{94F06B0A-F647-48D3-93B4-99FEE6BA68FC}.Editor Debug|Win32.Build.0 = Debug|Win32
		{94F06B0A-F647-48D3-93B4-99FEE6BA68FC}.Editor Debug|x64.ActiveCfg = Debug|x64
		{94F06B0A-F647-48D3-93B4-99FEE6BA68FC}.Editor Debug|x64.Build.0 = Debug|x64
		{94F06B0A-F647-48D3-93B4-99FEE6BA68FC}.Editor Release|Win32.ActiveCfg = Release|Win32
		{94F06B0A-F647-48D3-93B4-99FEE6BA68FC}.Editor Release|Win32.Build.0 = Release|Win32
		{94F06B0A-F647-48D3-93B4-99FEE6BA68FC}.Editor Release|x64.ActiveCfg = Release|x64
		{94F06B0A-F647-48D3-93B4-99FEE6BA68FC}.Editor Release|x64.Build.0 = Release|x64
		{94F06B0A-F647-48D3-93B4-99FEE6BA68FC}.Game Debug|Win32.ActiveCfg = Debug|Win32
		{94F06B0A-F647-48D3-93B4-99FEE6BA68FC}.Game Debug|x64.ActiveCfg = Debug|x64
		{94F06B0A-F647-48D3-93B4-99FEE6BA68FC}.Game Debug|x64.Build.0 = Debug|x64
		{94F06B0A-F647-48D3-93B4-99FEE6BA68FC}.Game Release|Win32.ActiveCfg = Release|Win32
		{94F06B0A-F647-48D3-93B4-99FEE6BA68FC}.Game Release|x64.ActiveCfg = Release|x64
		{94F06B0A-F647-48D3-93B4-99FEE6BA68FC}.Game Release|x64.Build.0 = Release|x64
		{94F06B0A-F647-48D3-93B4-99FEE6BA68FC}.Release|Win32.ActiveCfg = Release|Win32
		{94F06B0A-F647-48D3-93B4-99FEE6BA68FC}.Release|Win32.Build.0 = Release|Win32
		{94F06B0A-F647-48D3-93B4-99FEE6BA68FC}.Release|x64.ActiveCfg = Release|x64
		{94F06B0A-F647-48D3-93B4-99FEE6BA68FC}.Release|x64.Build.0 = Release|x64
		{94F06B0A-F647-48D3-93B4-99FEE6BA68FC}.Server Debug|Win32.ActiveCfg = Debug|Win32
		{94F06B0A-F647-48D3-93B4-99FEE6BA68FC}.Server Debug|x64.ActiveCfg = Debug|x64
		{94F06B0A-F647-48D3-93B4-99FEE6BA68FC}.Server Debug|x64.Build.0 = Debug|x64
		{94F06B0A-F647-48D3-93B4-99FEE6BA68FC}.Server Release|Win32.ActiveCfg = Release|Win32
		{94F06B0A-F647-48D3-93B4-99FEE6BA68FC}.Server Release|x64.ActiveCfg = Release|x64
		{94F06B0A-F647-48D3-93B4-99FEE6BA68FC}.Server Release|x64.Build.0 = Release|x64
		{989DE629-6E07-46E1-A39C-5C0EB3D057DB}.Debug|Win32.ActiveCfg = Debug|Win32
		{989DE629-6E07-46E1-A39C-5C0EB3D057DB}.Debug|Win32.Build.0 = Debug|Win32
		{989DE629-6E07-46E1-A39C-5C0EB3D057DB}.Debug|x64.ActiveCfg = Debug|x64
		{989DE629-6E07-46E1-A39C-5C0EB3D057DB}.Debug|x64.Build.0 = Debug|x64
		{989DE629-6E07-46E1-A39C-5C0EB3D057DB}.Editor Debug|Win32.ActiveCfg = Debug|Win32
		{989DE629-6E07-46E1-A39C-5C0EB3D057DB}.Editor Debug|Win32.Build.0 = Debug|Win32
		{989DE629-6E07-46E1-A39C-5C0EB3D057DB}.Editor Debug|x64.ActiveCfg = Debug|x64
		{989DE629-6E07-46E1-A39C-5C0EB3D057DB}.Editor Debug|x64.Build.0 = Debug|x64
		{989DE629-6E07-46E1-A39C-5C0EB3D057DB}.Editor Release|Win32.ActiveCfg = Release|Win32
		{989DE629-6E07-46E1-A39C-5C0EB3D057DB}.Editor Release|Win32.Build.0 = Release|Win32
		{989DE629-6E07-46E1-A39C-5C0EB3D057DB}.Editor Release|x64.ActiveCfg = Release|x64
		{989DE629-6E07-46E1-A39C-5C0EB3D057DB}.Editor Release|x64.Build.0 = Release|x64
		{989DE629-6E07-46E1-A39C-5C0EB3D057DB}.Game Debug|Win32.ActiveCfg = Debug|Win32
		{989DE629-6E07-46E1-A39C-5C0EB3D057DB}.Game Debug|x64.ActiveCfg = Debug|x64
		{989DE629-6E07-46E1-A39C-5C0EB3D057DB}.Game Debug|x64.Build.0 = Debug|x64
		{989DE629-6E07-46E1-A39C-5C0EB3D057DB}.Game Release|Win32.ActiveCfg = Release|Win32
		{989DE629-6E07-46E1-A39C-5C0EB3D057DB}.Game Release|x64.ActiveCfg = Release|x64
		{989DE629-6E07-46E1-A39C-5C0EB3D057DB}.Game Release|x64.Build.0 = Release|x64
		{989DE629-6E07-46E1-A39C-5C0EB3D057DB}.Release|Win32.ActiveCfg = Release|Win32
		{989DE629-6E07-46E1-A39C-5C0EB3D057DB}.Release|Win32.Build.0 = Release|Win32
		{989DE629-6E07-46E1-A39C-5C0EB3D057DB}.Release|x64.ActiveCfg = Release|x64
		{989DE629-6E07-46E1-A39C-5C0EB3D057DB}.Release|x64.Build.0 = Release|x64
		{989DE629-6E07-46E1-A39C-5C0EB3D057DB}.Server Debug|Win32.ActiveCfg = Debug|Win32
		{989DE629-6E07-46E1-A39C-5C0EB3D057DB}.Server Debug|x64.ActiveCfg = Debug|x64
		{989DE629-6E07-46E1-A39C-5C0EB3D057DB}.Server Debug|x64.Build.0 = Debug|x64
		{989DE629-6E07-46E1-A39C-5C0EB3D057DB}.Server Release|Win32.ActiveCfg = Release|Win32
		{989DE629-6E07-46E1-A39C-5C0EB3D057DB}.Server Release|x64.ActiveCfg = Release|x64
		{989DE629-6E07-46E1-A39C-5C0EB3D057DB}.Server Release|x64.Build.0 = Release|x64
		{9F9023AD-8E30-16F6-994C-EF133CECF3EA}.Debug|Win32.ActiveCfg = Debug|Win32
		{9F9023AD-8E30-16F6-994C-EF133CECF3EA}.Debug|Win32.Build.0 = Debug|Win32
		{9F9023AD-8E30-16F6-994C-EF133CECF3EA}.Debug|x64.ActiveCfg = Debug|Win32
		{9F9023AD-8E30-16F6-994C-EF133CECF3EA}.Editor Debug|Win32.ActiveCfg = Debug|Win32
		{9F9023AD-8E30-16F6-994C-EF133CECF3EA}.Editor Debug|x64.ActiveCfg = Debug|Win32
		{9F9023AD-8E30-16F6-994C-EF133CECF3EA}.Editor Release|Win32.ActiveCfg = Release|Win32
		{9F9023AD-8E30-16F6-994C-EF133CECF3EA}.Editor Release|x64.ActiveCfg = Release|Win32
		{9F9023AD-8E30-16F6-994C-EF133CECF3EA}.Game Debug|Win32.ActiveCfg = Debug|Win32
		{9F9023AD-8E30-16F6-994C-EF133CECF3EA}.Game Debug|Win32.Build.0 = Debug|Win32
		{9F9023AD-8E30-16F6-994C-EF133CECF3EA}.Game Debug|x64.ActiveCfg = Debug|Win32
		{9F9023AD-8E30-16F6-994C-EF133CECF3EA}.Game Release|Win32.ActiveCfg = Release|Win32
		{9F9023AD-8E30-16F6-994C-EF133CECF3EA}.Game Release|Win32.Build.0 = Release|Win32
		{9F9023AD-8E30-16F6-994C-EF133CECF3EA}.Game Release|x64.ActiveCfg = Release|Win32
		{9F9023AD-8E30-16F6-994C-EF133CECF3EA}.Release|Win32.ActiveCfg = Release|Win32
		{9F9023AD-8E30-16F6-994C-EF133CECF3EA}.Release|Win32.Build.0 = Release|Win32
		{9F9023AD-8E30-16F6-994C-EF133CECF3EA}.Release|x64.ActiveCfg = Release|Win32
		{9F9023AD-8E30-16F6-994C-EF133CECF3EA}.Server Debug|Win32.ActiveCfg = Debug|Win32
		{9F9023AD-8E30-16F6-994C-EF133CECF3EA}.Server Debug|Win32.Build.0 = Debug|Win32
		{9F9023AD-8E30-16F6-994C-EF133CECF3EA}.Server Debug|x64.ActiveCfg = Debug|Win32
		{9F9023AD-8E30-16F6-994C-EF133CECF3EA}.Server Release|Win32.ActiveCfg = Release|Win32
		{9F9023AD-8E30-16F6-994C-EF133CECF3EA}.Server Release|Win32.Build.0 = Release|Win32
		{9F9023AD-8E30-16F6-994C-EF133CECF3EA}.Server Release|x64.ActiveCfg = Release|Win32
		{A5FEA64A-1B94-7C6C-4E53-83F5901D8B48}.Debug|Win32.ActiveCfg = Debug|Win32
		{A5FEA64A-1B94-7C6C-4E53-83F5901D8B48}.Debug|Win32.Build.0 = Debug|Win32
		{A5FEA64A-1B94-7C6C-4E53-83F5901D8B48}.Debug|x64.ActiveCfg = Debug|Win32
		{A5FEA64A-1B94-7C6C-4E53-83F5901D8B48}.Editor Debug|Win32.ActiveCfg = Debug|Win32
		{A5FEA64A-1B94-7C6C-4E53-83F5901D8B48}.Editor Debug|x64.ActiveCfg = Debug|Win32
		{A5FEA64A-1B94-7C6C-4E53-83F5901D8B48}.Editor Release|Win32.ActiveCfg = Release|Win32
		{A5FEA64A-1B94-7C6C-4E53-83F5901D8B48}.Editor Release|x64.ActiveCfg = Release|Win32
		{A5FEA64A-1B94-7C6C-4E53-83F5901D8B48}.Game Debug|Win32.ActiveCfg = Debug|Win32
		{A5FEA64A-1B94-7C6C-4E53-83F5901D8B48}.Game Debug|x64.ActiveCfg = Debug|Win32
		{A5FEA64A-1B94-7C6C-4E53-83F5901D8B48}.Game Release|Win32.ActiveCfg = Release|Win32
		{A5FEA64A-1B94-7C6C-4E53-83F5901D8B48}.Game Release|x64.ActiveCfg = Release|Win32
		{A5FEA64A-1B94-7C6C-4E53-83F5901D8B48}.Release|Win32.ActiveCfg = Release|Win32
		{A5FEA64A-1B94-7C6C-4E53-83F5901D8B48}.Release|Win32.Build.0 = Release|Win32
		{A5FEA64A-1B94-7C6C-4E53-83F5901D8B48}.Release|x64.ActiveCfg = Release|Win32
		{A5FEA64A-1B94-7C6C-4E53-83F5901D8B48}.Server Debug|Win32.ActiveCfg = Debug|Win32
		{A5FEA64A-1B94-7C6C-4E53-83F5901D8B48}.Server Debug|Win32.Build.0 = Debug|Win32
		{A5FEA64A-1B94-7C6C-4E53-83F5901D8B48}.Server Debug|x64.ActiveCfg = Debug|Win32
		{A5FEA64A-1B94-7C6C-4E53-83F5901D8B48}.Server Release|Win32.ActiveCfg = Release|Win32
		{A5FEA64A-1B94-7C6C-4E53-83F5901D8B48}.Server Release|Win32.Build.0 = Release|Win32
		{A5FEA64A-1B94-7C6C-4E53-83F5901D8B48}.Server Release|x64.ActiveCfg = Release|Win32
		{ACBADD35-1307-4684-9AA0-06B31178E544}.Debug|Win32.ActiveCfg = Debug|Win32
		{ACBADD35-1307-4684-9AA0-06B31178E544}.Debug|Win32.Build.0 = Debug|Win32
		{ACBADD35-1307-4684-9AA0-06B31178E544}.Debug|x64.ActiveCfg = Debug|x64
		{ACBADD35-1307-4684-9AA0-06B31178E544}.Debug|x64.Build.0 = Debug|x64
		{ACBADD35-1307-4684-9AA0-06B31178E544}.Editor Debug|Win32.ActiveCfg = Debug|Win32
		{ACBADD35-1307-4684-9AA0-06B31178E544}.Editor Debug|Win32.Build.0 = Debug|Win32
		{ACBADD35-1307-4684-9AA0-06B31178E544}.Editor Debug|x64.ActiveCfg = Debug|x64
		{ACBADD35-1307-4684-9AA0-06B31178E544}.Editor Debug|x64.Build.0 = Debug|x64
		{ACBADD35-1307-4684-9AA0-06B31178E544}.Editor Release|Win32.ActiveCfg = Release|Win32
		{ACBADD35-1307-4684-9AA0-06B31178E544}.Editor Release|Win32.Build.0 = Release|Win32
		{ACBADD35-1307-4684-9AA0-06B31178E544}.Editor Release|x64.ActiveCfg = Release|x64
		{ACBADD35-1307-4684-9AA0-06B31178E544}.Editor Release|x64.Build.0 = Release|x64
		{ACBADD35-1307-4684-9AA0-06B31178E544}.Game Debug|Win32.ActiveCfg = Debug|Win32
		{ACBADD35-1307-4684-9AA0-06B31178E544}.Game Debug|x64.ActiveCfg = Debug|x64
		{ACBADD35-1307-4684-9AA0-06B31178E544}.Game Debug|x64.Build.0 = Debug|x64
		{ACBADD35-1307-4684-9AA0-06B31178E544}.Game Release|Win32.ActiveCfg = Release|Win32
		{ACBADD35-1307-4684-9AA0-06B31178E544}.Game Release|x64.ActiveCfg = Release|x64
		{ACBADD35-1307-4684-9AA0-06B31178E544}.Game Release|x64.Build.0 = Release|x64
		{ACBADD35-1307-4684-9AA0-06B31178E544}.Release|Win32.ActiveCfg = Release|Win32
		{ACBADD35-1307-4684-9AA0-06B31178E544}.Release|Win32.Build.0 = Release|Win32
		{ACBADD35-1307-4684-9AA0-06B31178E544}.Release|x64.ActiveCfg = Release|x64
		{ACBADD35-1307-4684-9AA0-06B31178E544}.Release|x64.Build.0 = Release|x64
		{ACBADD35-1307-4684-9AA0-06B31178E544}.Server Debug|Win32.ActiveCfg = Debug|Win32
		{ACBADD35-1307-4684-9AA0-06B31178E544}.Server Debug|x64.ActiveCfg = Debug|x64
		{ACBADD35-1307-4684-9AA0-06B31178E544}.Server Debug|x64.Build.0 = Debug|x64
		{ACBADD35-1307-4684-9AA0-06B31178E544}.Server Release|Win32.ActiveCfg = Release|Win32
		{ACBADD35-1307-4684-9AA0-06B31178E544}.Server Release|x64.ActiveCfg = Release|x64
		{ACBADD35-1307-4684-9AA0-06B31178E544}.Server Release|x64.Build.0 = Release|x64
		{B890E47A-6362-4158-96AC-86D0834524A5}.Debug|Win32.ActiveCfg = Debug|Win32
		{B890E47A-6362-4158-96AC-86D0834524A5}.Debug|Win32.Build.0 = Debug|Win32
		{B890E47A-6362-4158-96AC-86D0834524A5}.Debug|x64.ActiveCfg = Debug|x64
		{B890E47A-6362-4158-96AC-86D0834524A5}.Debug|x64.Build.0 = Debug|x64
		{B890E47A-6362-4158-96AC-86D0834524A5}.Editor Debug|Win32.ActiveCfg = Debug|Win32
		{B890E47A-6362-4158-96AC-86D0834524A5}.Editor Debug|Win32.Build.0 = Debug|Win32
		{B890E47A-6362-4158-96AC-86D0834524A5}.Editor Debug|x64.ActiveCfg = Debug|x64
		{B890E47A-6362-4158-96AC-86D0834524A5}.Editor Debug|x64.Build.0 = Debug|x64
		{B890E47A-6362-4158-96AC-86D0834524A5}.Editor Release|Win32.ActiveCfg = Release|Win32
		{B890E47A-6362-4158-96AC-86D0834524A5}.Editor Release|Win32.Build.0 = Release|Win32
		{B890E47A-6362-4158-96AC-86D0834524A5}.Editor Release|x64.ActiveCfg = Release|x64
		{B890E47A-6362-4158-96AC-86D0834524A5}.Editor Release|x64.Build.0 = Release|x64
		{B890E47A-6362-4158-96AC-86D0834524A5}.Game Debug|Win32.ActiveCfg = Debug|Win32
		{B890E47A-6362-4158-96AC-86D0834524A5}.Game Debug|x64.ActiveCfg = Debug|x64
		{B890E47A-6362-4158-96AC-86D0834524A5}.Game Debug|x64.Build.0 = Debug|x64
		{B890E47A-6362-4158-96AC-86D0834524A5}.Game Release|Win32.ActiveCfg = Release|Win32
		{B890E47A-6362-4158-96AC-86D0834524A5}.Game Release|x64.ActiveCfg = Release|x64
		{B890E47A-6362-4158-96AC-86D0834524A5}.Game Release|x64.Build.0 = Release|x64
		{B890E47A-6362-4158-96AC-86D0834524A5}.Release|Win32.ActiveCfg = Release|Win32
		{B890E47A-6362-4158-96AC-86D0834524A5}.Release|Win32.Build.0 = Release|Win32
		{B890E47A-6362-4158-96AC-86D0834524A5}.Release|x64.ActiveCfg = Release|x64
		{B890E47A-6362-4158-96AC-86D0834524A5}.Release|x64.Build.0 = Release|x64
		{B890E47A-6362-4158-96AC-86D0834524A5}.Server Debug|Win32.ActiveCfg = Debug|Win32
		{B890E47A-6362-4158-96AC-86D0834524A5}.Server Debug|x64.ActiveCfg = Debug|x64
		{B890E47A-6362-4158-96AC-86D0834524A5}.Server Debug|x64.Build.0 = Debug|x64
		{B890E47A-6362-4158-96AC-86D0834524A5}.Server Release|Win32.ActiveCfg = Release|Win32
		{B890E47A-6362-4158-96AC-86D0834524A5}.Server Release|x64.ActiveCfg = Release|x64
		{B890E47A-6362-4158-96AC-86D0834524A5}.Server Release|x64.Build.0 = Release|x64
		{B8C0BC94-DDEB-489B-D128-A62ACED226AA}.Debug|Win32.ActiveCfg = Debug|Win32
		{B8C0BC94-DDEB-489B-D128-A62ACED226AA}.Debug|Win32.Build.0 = Debug|Win32
		{B8C0BC94-DDEB-489B-D128-A62ACED226AA}.Debug|x64.ActiveCfg = Debug|x64
		{B8C0BC94-DDEB-489B-D128-A62ACED226AA}.Debug|x64.Build.0 = Debug|x64
		{B8C0BC94-DDEB-489B-D128-A62ACED226AA}.Editor Debug|Win32.ActiveCfg = Debug|Win32
		{B8C0BC94-DDEB-489B-D128-A62ACED226AA}.Editor Debug|x64.ActiveCfg = Debug|x64
		{B8C0BC94-DDEB-489B-D128-A62ACED226AA}.Editor Debug|x64.Build.0 = Debug|x64
		{B8C0BC94-DDEB-489B-D128-A62ACED226AA}.Editor Release|Win32.ActiveCfg = Release|Win32
		{B8C0BC94-DDEB-489B-D128-A62ACED226AA}.Editor Release|x64.ActiveCfg = Release|x64
		{B8C0BC94-DDEB-489B-D128-A62ACED226AA}.Editor Release|x64.Build.0 = Release|x64
		{B8C0BC94-DDEB-489B-D128-A62ACED226AA}.Game Debug|Win32.ActiveCfg = Debug|Win32
		{B8C0BC94-DDEB-489B-D128-A62ACED226AA}.Game Debug|x64.ActiveCfg = Debug|x64
		{B8C0BC94-DDEB-489B-D128-A62ACED226AA}.Game Debug|x64.Build.0 = Debug|x64
		{B8C0BC94-DDEB-489B-D128-A62ACED226AA}.Game Release|Win32.ActiveCfg = Release|Win32
		{B8C0BC94-DDEB-489B-D128-A62ACED226AA}.Game Release|x64.ActiveCfg = Release|x64
		{B8C0BC94-DDEB-489B-D128-A62ACED226AA}.Game Release|x64.Build.0 = Release|x64
		{B8C0BC94-DDEB-489B-D128-A62ACED226AA}.Release|Win32.ActiveCfg = Release|Win32
		{B8C0BC94-DDEB-489B-D128-A62ACED226AA}.Release|Win32.Build.0 = Release|Win32
		{B8C0BC94-DDEB-489B-D128-A62ACED226AA}.Release|x64.ActiveCfg = Release|x64
		{B8C0BC94-DDEB-489B-D128-A62ACED226AA}.Release|x64.Build.0 = Release|x64
		{B8C0BC94-DDEB-489B-D128-A62ACED226AA}.Server Debug|Win32.ActiveCfg = Debug|Win32
		{B8C0BC94-DDEB-489B-D128-A62ACED226AA}.Server Debug|x64.ActiveCfg = Debug|x64
		{B8C0BC94-DDEB-489B-D128-A62ACED226AA}.Server Debug|x64.Build.0 = Debug|x64
		{B8C0BC94-DDEB-489B-D128-A62ACED226AA}.Server Release|Win32.ActiveCfg = Release|Win32
		{B8C0BC94-DDEB-489B-D128-A62ACED226AA}.Server Release|x64.ActiveCfg = Release|x64
		{B8C0BC94-DDEB-489B-D128-A62ACED226AA}.Server Release|x64.Build.0 = Release|x64
		{FFE16F0F-8020-4A08-A945-24F5499074D7}.Debug|Win32.ActiveCfg = Debug|Win32
		{FFE16F0F-8020-4A08-A945-24F5499074D7}.Debug|Win32.Build.0 = Debug|Win32
		{FFE16F0F-8020-4A08-A945-24F5499074D7}.Debug|x64.ActiveCfg = Debug|x64
		{FFE16F0F-8020-4A08-A945-24F5499074D7}.Debug|x64.Build.0 = Debug|x64
		{FFE16F0F-8020-4A08-A945-24F5499074D7}.Editor Debug|Win32.ActiveCfg = Debug|Win32
		{FFE16F0F-8020-4A08-A945-24F5499074D7}.Editor Debug|Win32.Build.0 = Debug|Win32
		{FFE16F0F-8020-4A08-A945-24F5499074D7}.Editor Debug|x64.ActiveCfg = Debug|x64
		{FFE16F0F-8020-4A08-A945-24F5499074D7}.Editor Debug|x64.Build.0 = Debug|x64
		{FFE16F0F-8020-4A08-A945-24F5499074D7}.Editor Release|Win32.ActiveCfg = Release|Win32
		{FFE16F0F-8020-4A08-A945-24F5499074D7}.Editor Release|Win32.Build.0 = Release|Win32
		{FFE16F0F-8020-4A08-A945-24F5499074D7}.Editor Release|x64.ActiveCfg = Release|x64
		{FFE16F0F-8020-4A08-A945-24F5499074D7}.Editor Release|x64.Build.0 = Release|x64
		{FFE16F0F-8020-4A08-A945-24F5499074D7}.Game Debug|Win32.ActiveCfg = Debug|Win32
		{FFE16F0F-8020-4A08-A945-24F5499074D7}.Game Debug|x64.ActiveCfg = Debug|x64
		{FFE16F0F-8020-4A08-A945-24F5499074D7}.Game Debug|x64.Build.0 = Debug|x64
		{FFE16F0F-8020-4A08-A945-24F5499074D7}.Game Release|Win32.ActiveCfg = Release|Win32
		{FFE16F0F-8020-4A08-A945-24F5499074D7}.Game Release|x64.ActiveCfg = Release|x64
		{FFE16F0F-8020-4A08-A945-24F5499074D7}.Game Release|x64.Build.0 = Release|x64
		{FFE16F0F-8020-4A08-A945-24F5499074D7}.Release|Win32.ActiveCfg = Release|Win32
		{FFE16F0F-8020-4A08-A945-24F5499074D7}.Release|Win32.Build.0 = Release|Win32
		{FFE16F0F-8020-4A08-A945-24F5499074D7}.Release|x64.ActiveCfg = Release|x64
		{FFE16F0F-8020-4A08-A945-24F5499074D7}.Release|x64.Build.0 = Release|x64
		{FFE16F0F-8020-4A08-A945-24F5499074D7}.Server Debug|Win32.ActiveCfg = Debug|Win32
		{FFE16F0F-8020-4A08-A945-24F5499074D7}.Server Debug|x64.ActiveCfg = Debug|x64
		{FFE16F0F-8020-4A08-A945-24F5499074D7}.Server Debug|x64.Build.0 = Debug|x64
		{FFE16F0F-8020-4A08-A945-24F5499074D7}.Server Release|Win32.ActiveCfg = Release|Win32
		{FFE16F0F-8020-4A08-A945-24F5499074D7}.Server Release|x64.ActiveCfg = Release|x64
		{FFE16F0F-8020-4A08-A945-24F5499074D7}.Server Release|x64.Build.0 = Release|x64
	EndGlobalSection
	GlobalSection(SolutionProperties) = preSolution
		HideSolutionNode = FALSE
	EndGlobalSection
	GlobalSection(NestedProjects) = preSolution
		{0200D2BD-B86B-4423-BC61-D348772F935D} = {6312147E-FEDD-45CC-BA9A-094724657A0D}
		{0DFD2725-39E2-4582-DED6-D653C99B35C0} = {6C7C4375-D40F-4501-A676-D98C7B750ECB}
		{1066D878-7BBD-497B-A46E-0E397CA88C9E} = {B717C4A2-3DE9-43DD-9484-81AA53FCEE60}
		{13C2872E-8FB0-4262-9343-77928AA2099B} = {7ED32915-1E6A-45D2-BE24-E42BB2462D3F}
		{157CCC12-8814-4936-81EB-FA0FBE7FEEE8} = {1066D878-7BBD-497B-A46E-0E397CA88C9E}
		{1D04BD73-C6AF-45C9-9A49-48D14B38D321} = {1066D878-7BBD-497B-A46E-0E397CA88C9E}
		{396BD524-FDE2-44A2-9BED-3301E565A98D} = {B717C4A2-3DE9-43DD-9484-81AA53FCEE60}
		{406E9AB8-8B3C-91E6-6C16-790499E82604} = {6312147E-FEDD-45CC-BA9A-094724657A0D}
		{614DDC54-5AFD-419A-9FFB-389D05B0F242} = {B3F5FD13-2489-41D6-8C13-8DB2D0939F9A}
		{622A8A49-0441-A2FF-BDD8-043F9438BDB8} = {B3F5FD13-2489-41D6-8C13-8DB2D0939F9A}
		{6C7C4375-D40F-4501-A676-D98C7B750ECB} = {1066D878-7BBD-497B-A46E-0E397CA88C9E}
		{6F3DD6BB-1C05-4757-93E8-2616F74DC5EB} = {6C7C4375-D40F-4501-A676-D98C7B750ECB}
		{93802A95-104F-7134-604B-AA1BC25EA886} = {6312147E-FEDD-45CC-BA9A-094724657A0D}
		{94F06B0A-F647-48D3-93B4-99FEE6BA68FC} = {B717C4A2-3DE9-43DD-9484-81AA53FCEE60}
		{989DE629-6E07-46E1-A39C-5C0EB3D057DB} = {1066D878-7BBD-497B-A46E-0E397CA88C9E}
		{9F9023AD-8E30-16F6-994C-EF133CECF3EA} = {7ED32915-1E6A-45D2-BE24-E42BB2462D3F}
		{A5FEA64A-1B94-7C6C-4E53-83F5901D8B48} = {6312147E-FEDD-45CC-BA9A-094724657A0D}
		{ACBADD35-1307-4684-9AA0-06B31178E544} = {1066D878-7BBD-497B-A46E-0E397CA88C9E}
		{B890E47A-6362-4158-96AC-86D0834524A5} = {1066D878-7BBD-497B-A46E-0E397CA88C9E}
		{B8C0BC94-DDEB-489B-D128-A62ACED226AA} = {1066D878-7BBD-497B-A46E-0E397CA88C9E}
		{FFE16F0F-8020-4A08-A945-24F5499074D7} = {B717C4A2-3DE9-43DD-9484-81AA53FCEE60}
	EndGlobalSection
EndGlobal
