Microsoft Visual Studio Solution File, Format Version 12.00
# Visual Studio 11
Project("{8BC9CEB8-8B4A-11D0-8D11-00A0C91BC942}") = "ALL_BUILD", "ALL_BUILD.vcxproj", "{A18A42BE-1198-435F-A8C5-863BAC1E6B4F}"
	ProjectSection(ProjectDependencies) = postProject
		{42BA8EB9-9EAB-41D0-B337-EE2C52D3DCEB} = {42BA8EB9-9EAB-41D0-B337-EE2C52D3DCEB}
		{66C530B2-8864-4002-8E3E-0E9CB80A6D73} = {66C530B2-8864-4002-8E3E-0E9CB80A6D73}
		{D3E8F992-F85B-4258-9F29-73877B268A9C} = {D3E8F992-F85B-4258-9F29-73877B268A9C}
		{F96E2DC5-8D91-4D66-87A0-079B11EF9190} = {F96E2DC5-8D91-4D66-87A0-079B11EF9190}
	EndProjectSection
EndProject
Project("{8BC9CEB8-8B4A-11D0-8D11-00A0C91BC942}") = "INSTALL", "INSTALL.vcxproj", "{95453C7B-27BD-4150-9615-10C51257FE54}"
	ProjectSection(ProjectDependencies) = postProject
		{A18A42BE-1198-435F-A8C5-863BAC1E6B4F} = {A18A42BE-1198-435F-A8C5-863BAC1E6B4F}
	EndProjectSection
EndProject
Project("{8BC9CEB8-8B4A-11D0-8D11-00A0C91BC942}") = "ZERO_CHECK", "ZERO_CHECK.vcxproj", "{D3E8F992-F85B-4258-9F29-73877B268A9C}"
EndProject
Project("{8BC9CEB8-8B4A-11D0-8D11-00A0C91BC942}") = "physfs", "physfs.vcxproj", "{42BA8EB9-9EAB-41D0-B337-EE2C52D3DCEB}"
	ProjectSection(ProjectDependencies) = postProject
		{D3E8F992-F85B-4258-9F29-73877B268A9C} = {D3E8F992-F85B-4258-9F29-73877B268A9C}
	EndProjectSection
EndProject
Project("{8BC9CEB8-8B4A-11D0-8D11-00A0C91BC942}") = "physfs-static", "physfs-static.vcxproj", "{F96E2DC5-8D91-4D66-87A0-079B11EF9190}"
	ProjectSection(ProjectDependencies) = postProject
		{D3E8F992-F85B-4258-9F29-73877B268A9C} = {D3E8F992-F85B-4258-9F29-73877B268A9C}
	EndProjectSection
EndProject
Project("{8BC9CEB8-8B4A-11D0-8D11-00A0C91BC942}") = "test_physfs", "test_physfs.vcxproj", "{66C530B2-8864-4002-8E3E-0E9CB80A6D73}"
	ProjectSection(ProjectDependencies) = postProject
		{42BA8EB9-9EAB-41D0-B337-EE2C52D3DCEB} = {42BA8EB9-9EAB-41D0-B337-EE2C52D3DCEB}
		{D3E8F992-F85B-4258-9F29-73877B268A9C} = {D3E8F992-F85B-4258-9F29-73877B268A9C}
	EndProjectSection
EndProject
Global
	GlobalSection(SolutionConfigurationPlatforms) = preSolution
		Debug|Win32 = Debug|Win32
		Debug|x64 = Debug|x64
		MinSizeRel|Win32 = MinSizeRel|Win32
		MinSizeRel|x64 = MinSizeRel|x64
		RelWithDebInfo|Win32 = RelWithDebInfo|Win32
		RelWithDebInfo|x64 = RelWithDebInfo|x64
		Release|Win32 = Release|Win32
		Release|x64 = Release|x64
	EndGlobalSection
	GlobalSection(ProjectConfigurationPlatforms) = postSolution
		{42BA8EB9-9EAB-41D0-B337-EE2C52D3DCEB}.Debug|Win32.ActiveCfg = Debug|Win32
		{42BA8EB9-9EAB-41D0-B337-EE2C52D3DCEB}.Debug|Win32.Build.0 = Debug|Win32
		{42BA8EB9-9EAB-41D0-B337-EE2C52D3DCEB}.Debug|x64.ActiveCfg = Debug|x64
		{42BA8EB9-9EAB-41D0-B337-EE2C52D3DCEB}.Debug|x64.Build.0 = Debug|x64
		{42BA8EB9-9EAB-41D0-B337-EE2C52D3DCEB}.MinSizeRel|Win32.ActiveCfg = MinSizeRel|Win32
		{42BA8EB9-9EAB-41D0-B337-EE2C52D3DCEB}.MinSizeRel|Win32.Build.0 = MinSizeRel|Win32
		{42BA8EB9-9EAB-41D0-B337-EE2C52D3DCEB}.MinSizeRel|x64.ActiveCfg = MinSizeRel|x64
		{42BA8EB9-9EAB-41D0-B337-EE2C52D3DCEB}.MinSizeRel|x64.Build.0 = MinSizeRel|x64
		{42BA8EB9-9EAB-41D0-B337-EE2C52D3DCEB}.RelWithDebInfo|Win32.ActiveCfg = RelWithDebInfo|Win32
		{42BA8EB9-9EAB-41D0-B337-EE2C52D3DCEB}.RelWithDebInfo|Win32.Build.0 = RelWithDebInfo|Win32
		{42BA8EB9-9EAB-41D0-B337-EE2C52D3DCEB}.RelWithDebInfo|x64.ActiveCfg = RelWithDebInfo|x64
		{42BA8EB9-9EAB-41D0-B337-EE2C52D3DCEB}.RelWithDebInfo|x64.Build.0 = RelWithDebInfo|x64
		{42BA8EB9-9EAB-41D0-B337-EE2C52D3DCEB}.Release|Win32.ActiveCfg = Release|Win32
		{42BA8EB9-9EAB-41D0-B337-EE2C52D3DCEB}.Release|Win32.Build.0 = Release|Win32
		{42BA8EB9-9EAB-41D0-B337-EE2C52D3DCEB}.Release|x64.ActiveCfg = Release|x64
		{42BA8EB9-9EAB-41D0-B337-EE2C52D3DCEB}.Release|x64.Build.0 = Release|x64
		{66C530B2-8864-4002-8E3E-0E9CB80A6D73}.Debug|Win32.ActiveCfg = Debug|Win32
		{66C530B2-8864-4002-8E3E-0E9CB80A6D73}.Debug|Win32.Build.0 = Debug|Win32
		{66C530B2-8864-4002-8E3E-0E9CB80A6D73}.Debug|x64.ActiveCfg = Debug|x64
		{66C530B2-8864-4002-8E3E-0E9CB80A6D73}.Debug|x64.Build.0 = Debug|x64
		{66C530B2-8864-4002-8E3E-0E9CB80A6D73}.MinSizeRel|Win32.ActiveCfg = MinSizeRel|Win32
		{66C530B2-8864-4002-8E3E-0E9CB80A6D73}.MinSizeRel|Win32.Build.0 = MinSizeRel|Win32
		{66C530B2-8864-4002-8E3E-0E9CB80A6D73}.MinSizeRel|x64.ActiveCfg = MinSizeRel|x64
		{66C530B2-8864-4002-8E3E-0E9CB80A6D73}.MinSizeRel|x64.Build.0 = MinSizeRel|x64
		{66C530B2-8864-4002-8E3E-0E9CB80A6D73}.RelWithDebInfo|Win32.ActiveCfg = RelWithDebInfo|Win32
		{66C530B2-8864-4002-8E3E-0E9CB80A6D73}.RelWithDebInfo|Win32.Build.0 = RelWithDebInfo|Win32
		{66C530B2-8864-4002-8E3E-0E9CB80A6D73}.RelWithDebInfo|x64.ActiveCfg = RelWithDebInfo|x64
		{66C530B2-8864-4002-8E3E-0E9CB80A6D73}.RelWithDebInfo|x64.Build.0 = RelWithDebInfo|x64
		{66C530B2-8864-4002-8E3E-0E9CB80A6D73}.Release|Win32.ActiveCfg = Release|Win32
		{66C530B2-8864-4002-8E3E-0E9CB80A6D73}.Release|Win32.Build.0 = Release|Win32
		{66C530B2-8864-4002-8E3E-0E9CB80A6D73}.Release|x64.ActiveCfg = Release|x64
		{66C530B2-8864-4002-8E3E-0E9CB80A6D73}.Release|x64.Build.0 = Release|x64
		{95453C7B-27BD-4150-9615-10C51257FE54}.Debug|Win32.ActiveCfg = Debug|Win32
		{95453C7B-27BD-4150-9615-10C51257FE54}.Debug|x64.ActiveCfg = Debug|x64
		{95453C7B-27BD-4150-9615-10C51257FE54}.MinSizeRel|Win32.ActiveCfg = MinSizeRel|Win32
		{95453C7B-27BD-4150-9615-10C51257FE54}.MinSizeRel|x64.ActiveCfg = MinSizeRel|x64
		{95453C7B-27BD-4150-9615-10C51257FE54}.RelWithDebInfo|Win32.ActiveCfg = RelWithDebInfo|Win32
		{95453C7B-27BD-4150-9615-10C51257FE54}.RelWithDebInfo|x64.ActiveCfg = RelWithDebInfo|x64
		{95453C7B-27BD-4150-9615-10C51257FE54}.Release|Win32.ActiveCfg = Release|Win32
		{95453C7B-27BD-4150-9615-10C51257FE54}.Release|x64.ActiveCfg = Release|x64
		{A18A42BE-1198-435F-A8C5-863BAC1E6B4F}.Debug|Win32.ActiveCfg = Debug|Win32
		{A18A42BE-1198-435F-A8C5-863BAC1E6B4F}.Debug|Win32.Build.0 = Debug|Win32
		{A18A42BE-1198-435F-A8C5-863BAC1E6B4F}.Debug|x64.ActiveCfg = Debug|x64
		{A18A42BE-1198-435F-A8C5-863BAC1E6B4F}.Debug|x64.Build.0 = Debug|x64
		{A18A42BE-1198-435F-A8C5-863BAC1E6B4F}.MinSizeRel|Win32.ActiveCfg = MinSizeRel|Win32
		{A18A42BE-1198-435F-A8C5-863BAC1E6B4F}.MinSizeRel|Win32.Build.0 = MinSizeRel|Win32
		{A18A42BE-1198-435F-A8C5-863BAC1E6B4F}.MinSizeRel|x64.ActiveCfg = MinSizeRel|x64
		{A18A42BE-1198-435F-A8C5-863BAC1E6B4F}.MinSizeRel|x64.Build.0 = MinSizeRel|x64
		{A18A42BE-1198-435F-A8C5-863BAC1E6B4F}.RelWithDebInfo|Win32.ActiveCfg = RelWithDebInfo|Win32
		{A18A42BE-1198-435F-A8C5-863BAC1E6B4F}.RelWithDebInfo|Win32.Build.0 = RelWithDebInfo|Win32
		{A18A42BE-1198-435F-A8C5-863BAC1E6B4F}.RelWithDebInfo|x64.ActiveCfg = RelWithDebInfo|x64
		{A18A42BE-1198-435F-A8C5-863BAC1E6B4F}.RelWithDebInfo|x64.Build.0 = RelWithDebInfo|x64
		{A18A42BE-1198-435F-A8C5-863BAC1E6B4F}.Release|Win32.ActiveCfg = Release|Win32
		{A18A42BE-1198-435F-A8C5-863BAC1E6B4F}.Release|Win32.Build.0 = Release|Win32
		{A18A42BE-1198-435F-A8C5-863BAC1E6B4F}.Release|x64.ActiveCfg = Release|x64
		{A18A42BE-1198-435F-A8C5-863BAC1E6B4F}.Release|x64.Build.0 = Release|x64
		{D3E8F992-F85B-4258-9F29-73877B268A9C}.Debug|Win32.ActiveCfg = Debug|Win32
		{D3E8F992-F85B-4258-9F29-73877B268A9C}.Debug|Win32.Build.0 = Debug|Win32
		{D3E8F992-F85B-4258-9F29-73877B268A9C}.Debug|x64.ActiveCfg = Debug|x64
		{D3E8F992-F85B-4258-9F29-73877B268A9C}.Debug|x64.Build.0 = Debug|x64
		{D3E8F992-F85B-4258-9F29-73877B268A9C}.MinSizeRel|Win32.ActiveCfg = MinSizeRel|Win32
		{D3E8F992-F85B-4258-9F29-73877B268A9C}.MinSizeRel|Win32.Build.0 = MinSizeRel|Win32
		{D3E8F992-F85B-4258-9F29-73877B268A9C}.MinSizeRel|x64.ActiveCfg = MinSizeRel|x64
		{D3E8F992-F85B-4258-9F29-73877B268A9C}.MinSizeRel|x64.Build.0 = MinSizeRel|x64
		{D3E8F992-F85B-4258-9F29-73877B268A9C}.RelWithDebInfo|Win32.ActiveCfg = RelWithDebInfo|Win32
		{D3E8F992-F85B-4258-9F29-73877B268A9C}.RelWithDebInfo|Win32.Build.0 = RelWithDebInfo|Win32
		{D3E8F992-F85B-4258-9F29-73877B268A9C}.RelWithDebInfo|x64.ActiveCfg = RelWithDebInfo|x64
		{D3E8F992-F85B-4258-9F29-73877B268A9C}.RelWithDebInfo|x64.Build.0 = RelWithDebInfo|x64
		{D3E8F992-F85B-4258-9F29-73877B268A9C}.Release|Win32.ActiveCfg = Release|Win32
		{D3E8F992-F85B-4258-9F29-73877B268A9C}.Release|Win32.Build.0 = Release|Win32
		{D3E8F992-F85B-4258-9F29-73877B268A9C}.Release|x64.ActiveCfg = Release|x64
		{D3E8F992-F85B-4258-9F29-73877B268A9C}.Release|x64.Build.0 = Release|x64
		{F96E2DC5-8D91-4D66-87A0-079B11EF9190}.Debug|Win32.ActiveCfg = Debug|Win32
		{F96E2DC5-8D91-4D66-87A0-079B11EF9190}.Debug|Win32.Build.0 = Debug|Win32
		{F96E2DC5-8D91-4D66-87A0-079B11EF9190}.Debug|x64.ActiveCfg = Debug|x64
		{F96E2DC5-8D91-4D66-87A0-079B11EF9190}.Debug|x64.Build.0 = Debug|x64
		{F96E2DC5-8D91-4D66-87A0-079B11EF9190}.MinSizeRel|Win32.ActiveCfg = MinSizeRel|Win32
		{F96E2DC5-8D91-4D66-87A0-079B11EF9190}.MinSizeRel|Win32.Build.0 = MinSizeRel|Win32
		{F96E2DC5-8D91-4D66-87A0-079B11EF9190}.MinSizeRel|x64.ActiveCfg = MinSizeRel|x64
		{F96E2DC5-8D91-4D66-87A0-079B11EF9190}.MinSizeRel|x64.Build.0 = MinSizeRel|x64
		{F96E2DC5-8D91-4D66-87A0-079B11EF9190}.RelWithDebInfo|Win32.ActiveCfg = RelWithDebInfo|Win32
		{F96E2DC5-8D91-4D66-87A0-079B11EF9190}.RelWithDebInfo|Win32.Build.0 = RelWithDebInfo|Win32
		{F96E2DC5-8D91-4D66-87A0-079B11EF9190}.RelWithDebInfo|x64.ActiveCfg = RelWithDebInfo|x64
		{F96E2DC5-8D91-4D66-87A0-079B11EF9190}.RelWithDebInfo|x64.Build.0 = RelWithDebInfo|x64
		{F96E2DC5-8D91-4D66-87A0-079B11EF9190}.Release|Win32.ActiveCfg = Release|Win32
		{F96E2DC5-8D91-4D66-87A0-079B11EF9190}.Release|Win32.Build.0 = Release|Win32
		{F96E2DC5-8D91-4D66-87A0-079B11EF9190}.Release|x64.ActiveCfg = Release|x64
		{F96E2DC5-8D91-4D66-87A0-079B11EF9190}.Release|x64.Build.0 = Release|x64
	EndGlobalSection
	GlobalSection(SolutionProperties) = preSolution
		HideSolutionNode = FALSE
	EndGlobalSection
EndGlobal
