Microsoft Visual Studio Solution File, Format Version 12.00
# Visual Studio 11
Project("{8BC9CEB8-8B4A-11D0-8D11-00A0C91BC942}") = "ALL_BUILD", "ALL_BUILD.vcxproj", "{73CA587F-EAB8-4271-A8D5-8DA7AB5C791E}"
	ProjectSection(ProjectDependencies) = postProject
		{2B30EDC9-E4A9-4973-A950-CDC4BB7111ED} = {2B30EDC9-E4A9-4973-A950-CDC4BB7111ED}
		{6525D8EC-AEDE-464E-9D85-C8CC7731E33D} = {6525D8EC-AEDE-464E-9D85-C8CC7731E33D}
		{A18410FC-F8A0-487A-93C7-191B4053216B} = {A18410FC-F8A0-487A-93C7-191B4053216B}
		{BA56E748-7283-4120-A792-8741D0A1255F} = {BA56E748-7283-4120-A792-8741D0A1255F}
	EndProjectSection
EndProject
Project("{8BC9CEB8-8B4A-11D0-8D11-00A0C91BC942}") = "INSTALL", "INSTALL.vcxproj", "{63ADD5EF-8321-4517-8EBC-4CC00E13715D}"
	ProjectSection(ProjectDependencies) = postProject
		{73CA587F-EAB8-4271-A8D5-8DA7AB5C791E} = {73CA587F-EAB8-4271-A8D5-8DA7AB5C791E}
	EndProjectSection
EndProject
Project("{8BC9CEB8-8B4A-11D0-8D11-00A0C91BC942}") = "RUN_TESTS", "RUN_TESTS.vcxproj", "{8D494935-4AFD-4EC8-83D5-AA4ADE32FA9B}"
EndProject
Project("{8BC9CEB8-8B4A-11D0-8D11-00A0C91BC942}") = "ZERO_CHECK", "ZERO_CHECK.vcxproj", "{6525D8EC-AEDE-464E-9D85-C8CC7731E33D}"
EndProject
Project("{8BC9CEB8-8B4A-11D0-8D11-00A0C91BC942}") = "example", "example.vcxproj", "{2B30EDC9-E4A9-4973-A950-CDC4BB7111ED}"
	ProjectSection(ProjectDependencies) = postProject
		{6525D8EC-AEDE-464E-9D85-C8CC7731E33D} = {6525D8EC-AEDE-464E-9D85-C8CC7731E33D}
		{BA56E748-7283-4120-A792-8741D0A1255F} = {BA56E748-7283-4120-A792-8741D0A1255F}
	EndProjectSection
EndProject
Project("{8BC9CEB8-8B4A-11D0-8D11-00A0C91BC942}") = "minigzip", "minigzip.vcxproj", "{A18410FC-F8A0-487A-93C7-191B4053216B}"
	ProjectSection(ProjectDependencies) = postProject
		{6525D8EC-AEDE-464E-9D85-C8CC7731E33D} = {6525D8EC-AEDE-464E-9D85-C8CC7731E33D}
		{BA56E748-7283-4120-A792-8741D0A1255F} = {BA56E748-7283-4120-A792-8741D0A1255F}
	EndProjectSection
EndProject
Project("{8BC9CEB8-8B4A-11D0-8D11-00A0C91BC942}") = "zlib", "zlib.vcxproj", "{BA56E748-7283-4120-A792-8741D0A1255F}"
	ProjectSection(ProjectDependencies) = postProject
		{6525D8EC-AEDE-464E-9D85-C8CC7731E33D} = {6525D8EC-AEDE-464E-9D85-C8CC7731E33D}
	EndProjectSection
EndProject
Global
	GlobalSection(SolutionConfigurationPlatforms) = preSolution
		Debug|Win32 = Debug|Win32
		Debug|x64 = Debug|x64
		MinSizeRel|Win32 = MinSizeRel|Win32
		MinSizeRel|x64 = MinSizeRel|x64
		RelWithDebInfo|Win32 = RelWithDebInfo|Win32
		RelWithDebInfo|x64 = RelWithDebInfo|x64
		Release|Win32 = Release|Win32
		Release|x64 = Release|x64
	EndGlobalSection
	GlobalSection(ProjectConfigurationPlatforms) = postSolution
		{2B30EDC9-E4A9-4973-A950-CDC4BB7111ED}.Debug|Win32.ActiveCfg = Debug|Win32
		{2B30EDC9-E4A9-4973-A950-CDC4BB7111ED}.Debug|x64.ActiveCfg = Debug|x64
		{2B30EDC9-E4A9-4973-A950-CDC4BB7111ED}.MinSizeRel|Win32.ActiveCfg = MinSizeRel|Win32
		{2B30EDC9-E4A9-4973-A950-CDC4BB7111ED}.MinSizeRel|Win32.Build.0 = MinSizeRel|Win32
		{2B30EDC9-E4A9-4973-A950-CDC4BB7111ED}.MinSizeRel|x64.ActiveCfg = MinSizeRel|x64
		{2B30EDC9-E4A9-4973-A950-CDC4BB7111ED}.RelWithDebInfo|Win32.ActiveCfg = RelWithDebInfo|Win32
		{2B30EDC9-E4A9-4973-A950-CDC4BB7111ED}.RelWithDebInfo|Win32.Build.0 = RelWithDebInfo|Win32
		{2B30EDC9-E4A9-4973-A950-CDC4BB7111ED}.RelWithDebInfo|x64.ActiveCfg = RelWithDebInfo|x64
		{2B30EDC9-E4A9-4973-A950-CDC4BB7111ED}.Release|Win32.ActiveCfg = Release|Win32
		{2B30EDC9-E4A9-4973-A950-CDC4BB7111ED}.Release|x64.ActiveCfg = Release|x64
		{63ADD5EF-8321-4517-8EBC-4CC00E13715D}.Debug|Win32.ActiveCfg = Debug|Win32
		{63ADD5EF-8321-4517-8EBC-4CC00E13715D}.Debug|x64.ActiveCfg = Debug|x64
		{63ADD5EF-8321-4517-8EBC-4CC00E13715D}.MinSizeRel|Win32.ActiveCfg = MinSizeRel|Win32
		{63ADD5EF-8321-4517-8EBC-4CC00E13715D}.MinSizeRel|x64.ActiveCfg = MinSizeRel|x64
		{63ADD5EF-8321-4517-8EBC-4CC00E13715D}.RelWithDebInfo|Win32.ActiveCfg = RelWithDebInfo|Win32
		{63ADD5EF-8321-4517-8EBC-4CC00E13715D}.RelWithDebInfo|x64.ActiveCfg = RelWithDebInfo|x64
		{63ADD5EF-8321-4517-8EBC-4CC00E13715D}.Release|Win32.ActiveCfg = Release|Win32
		{63ADD5EF-8321-4517-8EBC-4CC00E13715D}.Release|x64.ActiveCfg = Release|x64
		{6525D8EC-AEDE-464E-9D85-C8CC7731E33D}.Debug|Win32.ActiveCfg = Debug|Win32
		{6525D8EC-AEDE-464E-9D85-C8CC7731E33D}.Debug|Win32.Build.0 = Debug|Win32
		{6525D8EC-AEDE-464E-9D85-C8CC7731E33D}.Debug|x64.ActiveCfg = Debug|x64
		{6525D8EC-AEDE-464E-9D85-C8CC7731E33D}.Debug|x64.Build.0 = Debug|x64
		{6525D8EC-AEDE-464E-9D85-C8CC7731E33D}.MinSizeRel|Win32.ActiveCfg = MinSizeRel|Win32
		{6525D8EC-AEDE-464E-9D85-C8CC7731E33D}.MinSizeRel|Win32.Build.0 = MinSizeRel|Win32
		{6525D8EC-AEDE-464E-9D85-C8CC7731E33D}.MinSizeRel|x64.ActiveCfg = MinSizeRel|x64
		{6525D8EC-AEDE-464E-9D85-C8CC7731E33D}.MinSizeRel|x64.Build.0 = MinSizeRel|x64
		{6525D8EC-AEDE-464E-9D85-C8CC7731E33D}.RelWithDebInfo|Win32.ActiveCfg = RelWithDebInfo|Win32
		{6525D8EC-AEDE-464E-9D85-C8CC7731E33D}.RelWithDebInfo|Win32.Build.0 = RelWithDebInfo|Win32
		{6525D8EC-AEDE-464E-9D85-C8CC7731E33D}.RelWithDebInfo|x64.ActiveCfg = RelWithDebInfo|x64
		{6525D8EC-AEDE-464E-9D85-C8CC7731E33D}.RelWithDebInfo|x64.Build.0 = RelWithDebInfo|x64
		{6525D8EC-AEDE-464E-9D85-C8CC7731E33D}.Release|Win32.ActiveCfg = Release|Win32
		{6525D8EC-AEDE-464E-9D85-C8CC7731E33D}.Release|Win32.Build.0 = Release|Win32
		{6525D8EC-AEDE-464E-9D85-C8CC7731E33D}.Release|x64.ActiveCfg = Release|x64
		{6525D8EC-AEDE-464E-9D85-C8CC7731E33D}.Release|x64.Build.0 = Release|x64
		{73CA587F-EAB8-4271-A8D5-8DA7AB5C791E}.Debug|Win32.ActiveCfg = Debug|Win32
		{73CA587F-EAB8-4271-A8D5-8DA7AB5C791E}.Debug|Win32.Build.0 = Debug|Win32
		{73CA587F-EAB8-4271-A8D5-8DA7AB5C791E}.Debug|x64.ActiveCfg = Debug|x64
		{73CA587F-EAB8-4271-A8D5-8DA7AB5C791E}.Debug|x64.Build.0 = Debug|x64
		{73CA587F-EAB8-4271-A8D5-8DA7AB5C791E}.MinSizeRel|Win32.ActiveCfg = MinSizeRel|Win32
		{73CA587F-EAB8-4271-A8D5-8DA7AB5C791E}.MinSizeRel|Win32.Build.0 = MinSizeRel|Win32
		{73CA587F-EAB8-4271-A8D5-8DA7AB5C791E}.MinSizeRel|x64.ActiveCfg = MinSizeRel|x64
		{73CA587F-EAB8-4271-A8D5-8DA7AB5C791E}.MinSizeRel|x64.Build.0 = MinSizeRel|x64
		{73CA587F-EAB8-4271-A8D5-8DA7AB5C791E}.RelWithDebInfo|Win32.ActiveCfg = RelWithDebInfo|Win32
		{73CA587F-EAB8-4271-A8D5-8DA7AB5C791E}.RelWithDebInfo|Win32.Build.0 = RelWithDebInfo|Win32
		{73CA587F-EAB8-4271-A8D5-8DA7AB5C791E}.RelWithDebInfo|x64.ActiveCfg = RelWithDebInfo|x64
		{73CA587F-EAB8-4271-A8D5-8DA7AB5C791E}.RelWithDebInfo|x64.Build.0 = RelWithDebInfo|x64
		{73CA587F-EAB8-4271-A8D5-8DA7AB5C791E}.Release|Win32.ActiveCfg = Release|Win32
		{73CA587F-EAB8-4271-A8D5-8DA7AB5C791E}.Release|Win32.Build.0 = Release|Win32
		{73CA587F-EAB8-4271-A8D5-8DA7AB5C791E}.Release|x64.ActiveCfg = Release|x64
		{73CA587F-EAB8-4271-A8D5-8DA7AB5C791E}.Release|x64.Build.0 = Release|x64
		{8D494935-4AFD-4EC8-83D5-AA4ADE32FA9B}.Debug|Win32.ActiveCfg = Debug|Win32
		{8D494935-4AFD-4EC8-83D5-AA4ADE32FA9B}.Debug|x64.ActiveCfg = Debug|x64
		{8D494935-4AFD-4EC8-83D5-AA4ADE32FA9B}.MinSizeRel|Win32.ActiveCfg = MinSizeRel|Win32
		{8D494935-4AFD-4EC8-83D5-AA4ADE32FA9B}.MinSizeRel|x64.ActiveCfg = MinSizeRel|x64
		{8D494935-4AFD-4EC8-83D5-AA4ADE32FA9B}.RelWithDebInfo|Win32.ActiveCfg = RelWithDebInfo|Win32
		{8D494935-4AFD-4EC8-83D5-AA4ADE32FA9B}.RelWithDebInfo|x64.ActiveCfg = RelWithDebInfo|x64
		{8D494935-4AFD-4EC8-83D5-AA4ADE32FA9B}.Release|Win32.ActiveCfg = Release|Win32
		{8D494935-4AFD-4EC8-83D5-AA4ADE32FA9B}.Release|x64.ActiveCfg = Release|x64
		{A18410FC-F8A0-487A-93C7-191B4053216B}.Debug|Win32.ActiveCfg = Debug|Win32
		{A18410FC-F8A0-487A-93C7-191B4053216B}.Debug|x64.ActiveCfg = Debug|x64
		{A18410FC-F8A0-487A-93C7-191B4053216B}.MinSizeRel|Win32.ActiveCfg = MinSizeRel|Win32
		{A18410FC-F8A0-487A-93C7-191B4053216B}.MinSizeRel|Win32.Build.0 = MinSizeRel|Win32
		{A18410FC-F8A0-487A-93C7-191B4053216B}.MinSizeRel|x64.ActiveCfg = MinSizeRel|x64
		{A18410FC-F8A0-487A-93C7-191B4053216B}.RelWithDebInfo|Win32.ActiveCfg = RelWithDebInfo|Win32
		{A18410FC-F8A0-487A-93C7-191B4053216B}.RelWithDebInfo|Win32.Build.0 = RelWithDebInfo|Win32
		{A18410FC-F8A0-487A-93C7-191B4053216B}.RelWithDebInfo|x64.ActiveCfg = RelWithDebInfo|x64
		{A18410FC-F8A0-487A-93C7-191B4053216B}.Release|Win32.ActiveCfg = Release|Win32
		{A18410FC-F8A0-487A-93C7-191B4053216B}.Release|x64.ActiveCfg = Release|x64
		{BA56E748-7283-4120-A792-8741D0A1255F}.Debug|Win32.ActiveCfg = Debug|Win32
		{BA56E748-7283-4120-A792-8741D0A1255F}.Debug|Win32.Build.0 = Debug|Win32
		{BA56E748-7283-4120-A792-8741D0A1255F}.Debug|x64.ActiveCfg = Debug|x64
		{BA56E748-7283-4120-A792-8741D0A1255F}.Debug|x64.Build.0 = Debug|x64
		{BA56E748-7283-4120-A792-8741D0A1255F}.MinSizeRel|Win32.ActiveCfg = MinSizeRel|Win32
		{BA56E748-7283-4120-A792-8741D0A1255F}.MinSizeRel|Win32.Build.0 = MinSizeRel|Win32
		{BA56E748-7283-4120-A792-8741D0A1255F}.MinSizeRel|x64.ActiveCfg = MinSizeRel|x64
		{BA56E748-7283-4120-A792-8741D0A1255F}.MinSizeRel|x64.Build.0 = MinSizeRel|x64
		{BA56E748-7283-4120-A792-8741D0A1255F}.RelWithDebInfo|Win32.ActiveCfg = RelWithDebInfo|Win32
		{BA56E748-7283-4120-A792-8741D0A1255F}.RelWithDebInfo|Win32.Build.0 = RelWithDebInfo|Win32
		{BA56E748-7283-4120-A792-8741D0A1255F}.RelWithDebInfo|x64.ActiveCfg = RelWithDebInfo|x64
		{BA56E748-7283-4120-A792-8741D0A1255F}.RelWithDebInfo|x64.Build.0 = RelWithDebInfo|x64
		{BA56E748-7283-4120-A792-8741D0A1255F}.Release|Win32.ActiveCfg = Release|Win32
		{BA56E748-7283-4120-A792-8741D0A1255F}.Release|Win32.Build.0 = Release|Win32
		{BA56E748-7283-4120-A792-8741D0A1255F}.Release|x64.ActiveCfg = Release|x64
		{BA56E748-7283-4120-A792-8741D0A1255F}.Release|x64.Build.0 = Release|x64
	EndGlobalSection
	GlobalSection(SolutionProperties) = preSolution
		HideSolutionNode = FALSE
	EndGlobalSection
EndGlobal
