<?xml version="1.0" encoding="utf-8"?>
<Project ToolsVersion="4.0" xmlns="http://schemas.microsoft.com/developer/msbuild/2003">
  <ItemGroup>
    <ClCompile Include="C:\Work\Ogre\Intuitive\Dependencies\zlib-1.2.6\adler32.c">
      <Filter>Source Files</Filter>
    </ClCompile>
    <ClCompile Include="C:\Work\Ogre\Intuitive\Dependencies\zlib-1.2.6\compress.c">
      <Filter>Source Files</Filter>
    </ClCompile>
    <ClCompile Include="C:\Work\Ogre\Intuitive\Dependencies\zlib-1.2.6\crc32.c">
      <Filter>Source Files</Filter>
    </ClCompile>
    <ClCompile Include="C:\Work\Ogre\Intuitive\Dependencies\zlib-1.2.6\deflate.c">
      <Filter>Source Files</Filter>
    </ClCompile>
    <ClCompile Include="C:\Work\Ogre\Intuitive\Dependencies\zlib-1.2.6\gzclose.c">
      <Filter>Source Files</Filter>
    </ClCompile>
    <ClCompile Include="C:\Work\Ogre\Intuitive\Dependencies\zlib-1.2.6\gzlib.c">
      <Filter>Source Files</Filter>
    </ClCompile>
    <ClCompile Include="C:\Work\Ogre\Intuitive\Dependencies\zlib-1.2.6\gzread.c">
      <Filter>Source Files</Filter>
    </ClCompile>
    <ClCompile Include="C:\Work\Ogre\Intuitive\Dependencies\zlib-1.2.6\gzwrite.c">
      <Filter>Source Files</Filter>
    </ClCompile>
    <ClCompile Include="C:\Work\Ogre\Intuitive\Dependencies\zlib-1.2.6\inflate.c">
      <Filter>Source Files</Filter>
    </ClCompile>
    <ClCompile Include="C:\Work\Ogre\Intuitive\Dependencies\zlib-1.2.6\infback.c">
      <Filter>Source Files</Filter>
    </ClCompile>
    <ClCompile Include="C:\Work\Ogre\Intuitive\Dependencies\zlib-1.2.6\inftrees.c">
      <Filter>Source Files</Filter>
    </ClCompile>
    <ClCompile Include="C:\Work\Ogre\Intuitive\Dependencies\zlib-1.2.6\inffast.c">
      <Filter>Source Files</Filter>
    </ClCompile>
    <ClCompile Include="C:\Work\Ogre\Intuitive\Dependencies\zlib-1.2.6\trees.c">
      <Filter>Source Files</Filter>
    </ClCompile>
    <ClCompile Include="C:\Work\Ogre\Intuitive\Dependencies\zlib-1.2.6\uncompr.c">
      <Filter>Source Files</Filter>
    </ClCompile>
    <ClCompile Include="C:\Work\Ogre\Intuitive\Dependencies\zlib-1.2.6\zutil.c">
      <Filter>Source Files</Filter>
    </ClCompile>
  </ItemGroup>
  <ItemGroup>
    <ClInclude Include="C:\Work\Ogre\Intuitive\Dependencies\zlib-1.2.6\zconf.h">
      <Filter>Header Files</Filter>
    </ClInclude>
    <ClInclude Include="C:\Work\Ogre\Intuitive\Dependencies\zlib-1.2.6\zlib.h">
      <Filter>Header Files</Filter>
    </ClInclude>
    <ClInclude Include="C:\Work\Ogre\Intuitive\Dependencies\zlib-1.2.6\crc32.h">
      <Filter>Header Files</Filter>
    </ClInclude>
    <ClInclude Include="C:\Work\Ogre\Intuitive\Dependencies\zlib-1.2.6\deflate.h">
      <Filter>Header Files</Filter>
    </ClInclude>
    <ClInclude Include="C:\Work\Ogre\Intuitive\Dependencies\zlib-1.2.6\gzguts.h">
      <Filter>Header Files</Filter>
    </ClInclude>
    <ClInclude Include="C:\Work\Ogre\Intuitive\Dependencies\zlib-1.2.6\inffast.h">
      <Filter>Header Files</Filter>
    </ClInclude>
    <ClInclude Include="C:\Work\Ogre\Intuitive\Dependencies\zlib-1.2.6\inffixed.h">
      <Filter>Header Files</Filter>
    </ClInclude>
    <ClInclude Include="C:\Work\Ogre\Intuitive\Dependencies\zlib-1.2.6\inflate.h">
      <Filter>Header Files</Filter>
    </ClInclude>
    <ClInclude Include="C:\Work\Ogre\Intuitive\Dependencies\zlib-1.2.6\inftrees.h">
      <Filter>Header Files</Filter>
    </ClInclude>
    <ClInclude Include="C:\Work\Ogre\Intuitive\Dependencies\zlib-1.2.6\trees.h">
      <Filter>Header Files</Filter>
    </ClInclude>
    <ClInclude Include="C:\Work\Ogre\Intuitive\Dependencies\zlib-1.2.6\zutil.h">
      <Filter>Header Files</Filter>
    </ClInclude>
  </ItemGroup>
  <ItemGroup>
    <ResourceCompile Include="C:\Work\Ogre\Intuitive\Dependencies\zlib-1.2.6\win32\zlib1.rc">
      <Filter>Source Files</Filter>
    </ResourceCompile>
  </ItemGroup>
  <ItemGroup>
  </ItemGroup>
  <ItemGroup>
    <CustomBuild Include="CMakeLists.txt" />
  </ItemGroup>
  <ItemGroup>
    <Filter Include="Source Files">
      <UniqueIdentifier>{AC8F453B-1DBE-42D9-BBAE-DD6E9F13434C}</UniqueIdentifier>
    </Filter>
    <Filter Include="Header Files">
      <UniqueIdentifier>{159DDFE6-BE1A-475E-9D6B-EE5733BFD414}</UniqueIdentifier>
    </Filter>
  </ItemGroup>
  <ItemGroup>
  </ItemGroup>
</Project>
