<?xml version="1.0" encoding="utf-8"?>
<Project ToolsVersion="4.0" xmlns="http://schemas.microsoft.com/developer/msbuild/2003">
  <ItemGroup>
    <Filter Include="Source Files">
      <UniqueIdentifier>{4FC737F1-C7A5-4376-A066-2A32D752A2FF}</UniqueIdentifier>
      <Extensions>cpp;c;cc;cxx;def;odl;idl;hpj;bat;asm;asmx</Extensions>
    </Filter>
    <Filter Include="Header Files">
      <UniqueIdentifier>{93995380-89BD-4b04-88EB-625FBE52EBFB}</UniqueIdentifier>
      <Extensions>h;hpp;hxx;hm;inl;inc;xsd</Extensions>
    </Filter>
    <Filter Include="Resource Files">
      <UniqueIdentifier>{67DA6AB6-F800-4c08-8B7A-83BB121AAD01}</UniqueIdentifier>
      <Extensions>rc;ico;cur;bmp;dlg;rc2;rct;bin;rgs;gif;jpg;jpeg;jpe;resx;tiff;tif;png;wav;mfcribbon-ms</Extensions>
    </Filter>
    <Filter Include="Source Files\Datas">
      <UniqueIdentifier>{5fe04c6e-3baa-45fc-8a20-2a859f73186b}</UniqueIdentifier>
    </Filter>
    <Filter Include="Source Files\Engine">
      <UniqueIdentifier>{1a9ced0a-8ad0-4a10-998a-6aa01ecdffaf}</UniqueIdentifier>
    </Filter>
  </ItemGroup>
  <ItemGroup>
    <ClInclude Include="IWEPlugin.h">
      <Filter>Source Files</Filter>
    </ClInclude>
    <ClInclude Include="CBaseEntity.h">
      <Filter>Source Files\Datas</Filter>
    </ClInclude>
    <ClInclude Include="IBaseEntity.h">
      <Filter>Source Files\Datas</Filter>
    </ClInclude>
    <ClInclude Include="IEntity.h">
      <Filter>Source Files\Datas</Filter>
    </ClInclude>
    <ClInclude Include="EntityManager.h">
      <Filter>Source Files\Engine</Filter>
    </ClInclude>
    <ClInclude Include="IEntityManager.h">
      <Filter>Source Files\Engine</Filter>
    </ClInclude>
  </ItemGroup>
  <ItemGroup>
    <ClCompile Include="IWEPlugin.cpp">
      <Filter>Source Files</Filter>
    </ClCompile>
    <ClCompile Include="CBaseEntity.cpp">
      <Filter>Source Files\Datas</Filter>
    </ClCompile>
    <ClCompile Include="CBaseEntityRender.cpp">
      <Filter>Source Files\Datas</Filter>
    </ClCompile>
    <ClCompile Include="EntityManager.cpp">
      <Filter>Source Files\Engine</Filter>
    </ClCompile>
  </ItemGroup>
</Project>